// !$*UTF8*$!
{
	archiveVersion = 1;
	classes = {
	};
	objectVersion = 46;
	objects = {

/* Begin PBXBuildFile section */
		E91547881900B90800188F70 /* MangoDataManager.m in Sources */ = {isa = PBXBuildFile; fileRef = E91547871900B90800188F70 /* MangoDataManager.m */; };
		E915478D1900F36900188F70 /* MangoBrowserOutlineView.m in Sources */ = {isa = PBXBuildFile; fileRef = E915478C1900F36900188F70 /* MangoBrowserOutlineView.m */; };
		E91547971901748400188F70 /* MangoBrowserKeyCell.m in Sources */ = {isa = PBXBuildFile; fileRef = E91547961901748400188F70 /* MangoBrowserKeyCell.m */; };
		E9258AEA1924868B00326D0E /* MangoBrowserOutlineViewContainer.m in Sources */ = {isa = PBXBuildFile; fileRef = E9258AE91924868B00326D0E /* MangoBrowserOutlineViewContainer.m */; };
		E9258AF219248A2800326D0E /* MangoBrowserOutlineView.xib in Resources */ = {isa = PBXBuildFile; fileRef = E9258AF119248A2800326D0E /* MangoBrowserOutlineView.xib */; };
		E9258AF519248CD100326D0E /* MangoFileBrowserOutlineView.m in Sources */ = {isa = PBXBuildFile; fileRef = E9258AF419248CD100326D0E /* MangoFileBrowserOutlineView.m */; };
		E9258D5518EE424600564355 /* Cocoa.framework in Frameworks */ = {isa = PBXBuildFile; fileRef = E9258D5418EE424600564355 /* Cocoa.framework */; };
		E9258D6118EE424600564355 /* main.m in Sources */ = {isa = PBXBuildFile; fileRef = E9258D6018EE424600564355 /* main.m */; };
		E9258D6518EE424600564355 /* Credits.rtf in Resources */ = {isa = PBXBuildFile; fileRef = E9258D6318EE424600564355 /* Credits.rtf */; };
		E9258D6D18EE424600564355 /* Images.xcassets in Resources */ = {isa = PBXBuildFile; fileRef = E9258D6C18EE424600564355 /* Images.xcassets */; };
		E9258D7418EE424600564355 /* XCTest.framework in Frameworks */ = {isa = PBXBuildFile; fileRef = E9258D7318EE424600564355 /* XCTest.framework */; };
		E9258D7518EE424600564355 /* Cocoa.framework in Frameworks */ = {isa = PBXBuildFile; fileRef = E9258D5418EE424600564355 /* Cocoa.framework */; };
		E9258D7D18EE424600564355 /* InfoPlist.strings in Resources */ = {isa = PBXBuildFile; fileRef = E9258D7B18EE424600564355 /* InfoPlist.strings */; };
		E9258D7F18EE424600564355 /* MangoTests.m in Sources */ = {isa = PBXBuildFile; fileRef = E9258D7E18EE424600564355 /* MangoTests.m */; };
		E92593CF18EE7F9C00564355 /* MangoAppDelegate.mm in Sources */ = {isa = PBXBuildFile; fileRef = E9258D6718EE424600564355 /* MangoAppDelegate.mm */; };
		E92593D018EE7F9E00564355 /* MangoConnectionManager.mm in Sources */ = {isa = PBXBuildFile; fileRef = E92590C818EE7AAA00564355 /* MangoConnectionManager.mm */; };
		E9429A1A18F9D74C00C367A4 /* MangoBrowserViewController.xib in Resources */ = {isa = PBXBuildFile; fileRef = E9429A1918F9D74C00C367A4 /* MangoBrowserViewController.xib */; };
		E9429A1D18FB91E100C367A4 /* MangoBrowserViewController.m in Sources */ = {isa = PBXBuildFile; fileRef = E9429A1C18FB91E100C367A4 /* MangoBrowserViewController.m */; };
		E943649F18EF81760076B9A5 /* MangoWindowController.m in Sources */ = {isa = PBXBuildFile; fileRef = E943649E18EF81760076B9A5 /* MangoWindowController.m */; };
		E94364A218EF82500076B9A5 /* MangoWindow.xib in Resources */ = {isa = PBXBuildFile; fileRef = E94364A118EF82500076B9A5 /* MangoWindow.xib */; };
		E94364A418EFAED10076B9A5 /* AboutWindow.xib in Resources */ = {isa = PBXBuildFile; fileRef = E94364A318EFAED10076B9A5 /* AboutWindow.xib */; };
		E9535FD519121D2F00BD2480 /* NSAlert+Popover.m in Sources */ = {isa = PBXBuildFile; fileRef = E9535FD419121D2F00BD2480 /* NSAlert+Popover.m */; };
		E97A0E7C18F1D5F800098D55 /* MainMenu.xib in Resources */ = {isa = PBXBuildFile; fileRef = E9258D6918EE424600564355 /* MainMenu.xib */; };
		E98B09471909A26A00579980 /* CKCalendarView.m in Sources */ = {isa = PBXBuildFile; fileRef = E98B09461909A26A00579980 /* CKCalendarView.m */; };
		E98FEC8A18F3192A004AA776 /* libPods.a in Frameworks */ = {isa = PBXBuildFile; fileRef = E98FEC8918F3192A004AA776 /* libPods.a */; };
		E99F502B18EF28D7002C149E /* libboost_system.a in Frameworks */ = {isa = PBXBuildFile; fileRef = E99F502A18EF28D7002C149E /* libboost_system.a */; };
		E99F502D18EF28F6002C149E /* libboost_thread-mt.a in Frameworks */ = {isa = PBXBuildFile; fileRef = E99F502C18EF28F6002C149E /* libboost_thread-mt.a */; };
		E9A4E3FF1917505300350653 /* CollectionListCell.m in Sources */ = {isa = PBXBuildFile; fileRef = E9A4E3FE1917505300350653 /* CollectionListCell.m */; };
		E9AEB78A18FF2639008F3C9D /* MangoBrowserCell.m in Sources */ = {isa = PBXBuildFile; fileRef = E9AEB78918FF2639008F3C9D /* MangoBrowserCell.m */; };
		E9AEB79218FF2AC5008F3C9D /* QuartzCore.framework in Frameworks */ = {isa = PBXBuildFile; fileRef = E9AEB79118FF2AC5008F3C9D /* QuartzCore.framework */; };
		E9AEB79518FF46DC008F3C9D /* MangoBrowserValueCell.m in Sources */ = {isa = PBXBuildFile; fileRef = E9AEB79418FF46DC008F3C9D /* MangoBrowserValueCell.m */; };
		E9AEB79818FF937E008F3C9D /* ConnectionBannerView.m in Sources */ = {isa = PBXBuildFile; fileRef = E9AEB79718FF937E008F3C9D /* ConnectionBannerView.m */; };
		E9AEB79B19003099008F3C9D /* InfoWindow.xib in Resources */ = {isa = PBXBuildFile; fileRef = E9AEB79A19003098008F3C9D /* InfoWindow.xib */; };
		E9AEB79E1900311B008F3C9D /* InfoWindowController.m in Sources */ = {isa = PBXBuildFile; fileRef = E9AEB79D1900311B008F3C9D /* InfoWindowController.m */; };
		E9BC45511902EE9A0094A8D8 /* MangoPluginManager.m in Sources */ = {isa = PBXBuildFile; fileRef = E9BC45501902EE9A0094A8D8 /* MangoPluginManager.m */; };
		E9BC455C1904277B0094A8D8 /* MangoPluginTabItem.m in Sources */ = {isa = PBXBuildFile; fileRef = E9BC455B1904277B0094A8D8 /* MangoPluginTabItem.m */; };
		E9D361721913EB4D0045D640 /* OpenSans-Light.ttf in CopyFiles */ = {isa = PBXBuildFile; fileRef = E9D361691913EA3C0045D640 /* OpenSans-Light.ttf */; };
		E9D3617D1913EBC90045D640 /* OpenSans-Bold.ttf in CopyFiles */ = {isa = PBXBuildFile; fileRef = E9D361741913EBBE0045D640 /* OpenSans-Bold.ttf */; };
		E9D3617E1913EBCB0045D640 /* OpenSans-BoldItalic.ttf in CopyFiles */ = {isa = PBXBuildFile; fileRef = E9D361751913EBBE0045D640 /* OpenSans-BoldItalic.ttf */; };
		E9D3617F1913EBCE0045D640 /* OpenSans-ExtraBold.ttf in CopyFiles */ = {isa = PBXBuildFile; fileRef = E9D361761913EBBE0045D640 /* OpenSans-ExtraBold.ttf */; };
		E9D361801913EBD00045D640 /* OpenSans-ExtraBoldItalic.ttf in CopyFiles */ = {isa = PBXBuildFile; fileRef = E9D361771913EBBE0045D640 /* OpenSans-ExtraBoldItalic.ttf */; };
		E9D361811913EBD20045D640 /* OpenSans-Italic.ttf in CopyFiles */ = {isa = PBXBuildFile; fileRef = E9D361781913EBBE0045D640 /* OpenSans-Italic.ttf */; };
		E9D361821913EBD60045D640 /* OpenSans-LightItalic.ttf in CopyFiles */ = {isa = PBXBuildFile; fileRef = E9D361791913EBBE0045D640 /* OpenSans-LightItalic.ttf */; };
		E9D361831913EBD90045D640 /* OpenSans-Regular.ttf in CopyFiles */ = {isa = PBXBuildFile; fileRef = E9D3617A1913EBBE0045D640 /* OpenSans-Regular.ttf */; };
		E9D361841913EBDB0045D640 /* OpenSans-Semibold.ttf in CopyFiles */ = {isa = PBXBuildFile; fileRef = E9D3617B1913EBBE0045D640 /* OpenSans-Semibold.ttf */; };
		E9D361851913EBE00045D640 /* OpenSans-SemiboldItalic.ttf in CopyFiles */ = {isa = PBXBuildFile; fileRef = E9D3617C1913EBBE0045D640 /* OpenSans-SemiboldItalic.ttf */; };
		E9D361871913F7900045D640 /* MMTabBarView.framework in CopyFiles */ = {isa = PBXBuildFile; fileRef = E9F5D3E218F3A43F00083B1F /* MMTabBarView.framework */; };
		E9D589D518F0CA3D00F9B333 /* libmongoclient.a in Frameworks */ = {isa = PBXBuildFile; fileRef = E93167DB18F0C011008A4FCE /* libmongoclient.a */; };
		E9F5D3E418F3A44C00083B1F /* MMTabBarView.framework in Frameworks */ = {isa = PBXBuildFile; fileRef = E9F5D3E218F3A43F00083B1F /* MMTabBarView.framework */; };
		E9F7D6C81914433D00744FB2 /* CreateItemPopover.m in Sources */ = {isa = PBXBuildFile; fileRef = E9F7D6C71914433D00744FB2 /* CreateItemPopover.m */; };
/* End PBXBuildFile section */

/* Begin PBXContainerItemProxy section */
		E9258D7618EE424600564355 /* PBXContainerItemProxy */ = {
			isa = PBXContainerItemProxy;
			containerPortal = E9258D4918EE424500564355 /* Project object */;
			proxyType = 1;
			remoteGlobalIDString = E9258D5018EE424500564355;
			remoteInfo = Mango;
		};
		E93167DA18F0C011008A4FCE /* PBXContainerItemProxy */ = {
			isa = PBXContainerItemProxy;
			containerPortal = E93167D418F0C010008A4FCE /* mongoclient.xcodeproj */;
			proxyType = 2;
			remoteGlobalIDString = E9A1277618EEFE34003E6E30;
			remoteInfo = mongoclient;
		};
		E98DAA92191169D500561C3C /* PBXContainerItemProxy */ = {
			isa = PBXContainerItemProxy;
			containerPortal = E98DAA8B191169D500561C3C /* Fragaria.xcodeproj */;
			proxyType = 2;
			remoteGlobalIDString = AB648E2A11FB385700AEF7BD;
			remoteInfo = "Fragaria Doc";
		};
		E98DAA94191169D500561C3C /* PBXContainerItemProxy */ = {
			isa = PBXContainerItemProxy;
			containerPortal = E98DAA8B191169D500561C3C /* Fragaria.xcodeproj */;
			proxyType = 2;
			remoteGlobalIDString = 8D1107320486CEB800E47090;
			remoteInfo = "Fragaria GC";
		};
		E98DAA96191169D500561C3C /* PBXContainerItemProxy */ = {
			isa = PBXContainerItemProxy;
			containerPortal = E98DAA8B191169D500561C3C /* Fragaria.xcodeproj */;
			proxyType = 2;
			remoteGlobalIDString = ABCA4DAF16137FC000E4849B;
			remoteInfo = Fragaria;
		};
		E98DAA98191169D500561C3C /* PBXContainerItemProxy */ = {
			isa = PBXContainerItemProxy;
			containerPortal = E98DAA8B191169D500561C3C /* Fragaria.xcodeproj */;
			proxyType = 2;
			remoteGlobalIDString = AB69B62B118B745700903D1D;
			remoteInfo = MGSFragaria;
		};
		E9F5D3E118F3A43F00083B1F /* PBXContainerItemProxy */ = {
			isa = PBXContainerItemProxy;
			containerPortal = E9F5D3D818F3A43F00083B1F /* MMTabBarView.xcodeproj */;
			proxyType = 2;
			remoteGlobalIDString = 06DB23A61609F5830071BDA0;
			remoteInfo = MMTabBarView;
		};
/* End PBXContainerItemProxy section */

/* Begin PBXCopyFilesBuildPhase section */
		E9D361711913EB340045D640 /* CopyFiles */ = {
			isa = PBXCopyFilesBuildPhase;
			buildActionMask = 2147483647;
			dstPath = Fonts;
			dstSubfolderSpec = 7;
			files = (
				E9D361811913EBD20045D640 /* OpenSans-Italic.ttf in CopyFiles */,
				E9D3617F1913EBCE0045D640 /* OpenSans-ExtraBold.ttf in CopyFiles */,
				E9D361821913EBD60045D640 /* OpenSans-LightItalic.ttf in CopyFiles */,
				E9D361801913EBD00045D640 /* OpenSans-ExtraBoldItalic.ttf in CopyFiles */,
				E9D3617D1913EBC90045D640 /* OpenSans-Bold.ttf in CopyFiles */,
				E9D361721913EB4D0045D640 /* OpenSans-Light.ttf in CopyFiles */,
				E9D361831913EBD90045D640 /* OpenSans-Regular.ttf in CopyFiles */,
				E9D3617E1913EBCB0045D640 /* OpenSans-BoldItalic.ttf in CopyFiles */,
				E9D361841913EBDB0045D640 /* OpenSans-Semibold.ttf in CopyFiles */,
				E9D361851913EBE00045D640 /* OpenSans-SemiboldItalic.ttf in CopyFiles */,
			);
			runOnlyForDeploymentPostprocessing = 0;
		};
		E9D361861913F7840045D640 /* CopyFiles */ = {
			isa = PBXCopyFilesBuildPhase;
			buildActionMask = 2147483647;
			dstPath = "";
			dstSubfolderSpec = 10;
			files = (
				E9D361871913F7900045D640 /* MMTabBarView.framework in CopyFiles */,
			);
			runOnlyForDeploymentPostprocessing = 0;
		};
/* End PBXCopyFilesBuildPhase section */

/* Begin PBXFileReference section */
		89C8FCE185B94B3E870A57CC /* libPods.a */ = {isa = PBXFileReference; explicitFileType = archive.ar; includeInIndex = 0; path = libPods.a; sourceTree = BUILT_PRODUCTS_DIR; };
		ABB0700885DC4ABA993CDE74 /* Pods.xcconfig */ = {isa = PBXFileReference; includeInIndex = 1; lastKnownFileType = text.xcconfig; name = Pods.xcconfig; path = Pods/Pods.xcconfig; sourceTree = "<group>"; };
		E91547861900B90800188F70 /* MangoDataManager.h */ = {isa = PBXFileReference; fileEncoding = 4; lastKnownFileType = sourcecode.c.h; path = MangoDataManager.h; sourceTree = SOURCE_ROOT; };
		E91547871900B90800188F70 /* MangoDataManager.m */ = {isa = PBXFileReference; fileEncoding = 4; lastKnownFileType = sourcecode.c.objc; path = MangoDataManager.m; sourceTree = SOURCE_ROOT; };
		E915478B1900F36900188F70 /* MangoBrowserOutlineView.h */ = {isa = PBXFileReference; fileEncoding = 4; lastKnownFileType = sourcecode.c.h; name = MangoBrowserOutlineView.h; path = MangoBrowser/MangoBrowserOutlineView.h; sourceTree = "<group>"; };
		E915478C1900F36900188F70 /* MangoBrowserOutlineView.m */ = {isa = PBXFileReference; fileEncoding = 4; lastKnownFileType = sourcecode.c.objc; name = MangoBrowserOutlineView.m; path = MangoBrowser/MangoBrowserOutlineView.m; sourceTree = "<group>"; };
		E91547921900FE1A00188F70 /* NSCell+TrackingCell.h */ = {isa = PBXFileReference; fileEncoding = 4; lastKnownFileType = sourcecode.c.h; name = "NSCell+TrackingCell.h"; path = "MangoBrowser/NSCell+TrackingCell.h"; sourceTree = "<group>"; };
		E91547951901748400188F70 /* MangoBrowserKeyCell.h */ = {isa = PBXFileReference; fileEncoding = 4; lastKnownFileType = sourcecode.c.h; name = MangoBrowserKeyCell.h; path = MangoBrowser/MangoBrowserKeyCell.h; sourceTree = "<group>"; };
		E91547961901748400188F70 /* MangoBrowserKeyCell.m */ = {isa = PBXFileReference; fileEncoding = 4; lastKnownFileType = sourcecode.c.objc; name = MangoBrowserKeyCell.m; path = MangoBrowser/MangoBrowserKeyCell.m; sourceTree = "<group>"; };
		E9258AE81924868B00326D0E /* MangoBrowserOutlineViewContainer.h */ = {isa = PBXFileReference; fileEncoding = 4; lastKnownFileType = sourcecode.c.h; name = MangoBrowserOutlineViewContainer.h; path = MangoBrowser/MangoBrowserOutlineViewContainer.h; sourceTree = "<group>"; };
		E9258AE91924868B00326D0E /* MangoBrowserOutlineViewContainer.m */ = {isa = PBXFileReference; fileEncoding = 4; lastKnownFileType = sourcecode.c.objc; name = MangoBrowserOutlineViewContainer.m; path = MangoBrowser/MangoBrowserOutlineViewContainer.m; sourceTree = "<group>"; };
		E9258AF119248A2800326D0E /* MangoBrowserOutlineView.xib */ = {isa = PBXFileReference; fileEncoding = 4; lastKnownFileType = file.xib; path = MangoBrowserOutlineView.xib; sourceTree = "<group>"; };
		E9258AF319248CD100326D0E /* MangoFileBrowserOutlineView.h */ = {isa = PBXFileReference; fileEncoding = 4; lastKnownFileType = sourcecode.c.h; path = MangoFileBrowserOutlineView.h; sourceTree = "<group>"; };
		E9258AF419248CD100326D0E /* MangoFileBrowserOutlineView.m */ = {isa = PBXFileReference; fileEncoding = 4; lastKnownFileType = sourcecode.c.objc; path = MangoFileBrowserOutlineView.m; sourceTree = "<group>"; };
		E9258AF7192507B800326D0E /* MangoBrowserContainer.h */ = {isa = PBXFileReference; fileEncoding = 4; lastKnownFileType = sourcecode.c.h; name = MangoBrowserContainer.h; path = MangoBrowser/MangoBrowserContainer.h; sourceTree = "<group>"; };
		E9258D5118EE424600564355 /* Mango.app */ = {isa = PBXFileReference; explicitFileType = wrapper.application; includeInIndex = 0; path = Mango.app; sourceTree = BUILT_PRODUCTS_DIR; };
		E9258D5418EE424600564355 /* Cocoa.framework */ = {isa = PBXFileReference; lastKnownFileType = wrapper.framework; name = Cocoa.framework; path = System/Library/Frameworks/Cocoa.framework; sourceTree = SDKROOT; };
		E9258D5718EE424600564355 /* AppKit.framework */ = {isa = PBXFileReference; lastKnownFileType = wrapper.framework; name = AppKit.framework; path = System/Library/Frameworks/AppKit.framework; sourceTree = SDKROOT; };
		E9258D5818EE424600564355 /* CoreData.framework */ = {isa = PBXFileReference; lastKnownFileType = wrapper.framework; name = CoreData.framework; path = System/Library/Frameworks/CoreData.framework; sourceTree = SDKROOT; };
		E9258D5918EE424600564355 /* Foundation.framework */ = {isa = PBXFileReference; lastKnownFileType = wrapper.framework; name = Foundation.framework; path = System/Library/Frameworks/Foundation.framework; sourceTree = SDKROOT; };
		E9258D5C18EE424600564355 /* Mango-Info.plist */ = {isa = PBXFileReference; lastKnownFileType = text.plist.xml; name = "Mango-Info.plist"; path = "../Mango-Info.plist"; sourceTree = "<group>"; };
		E9258D5E18EE424600564355 /* en */ = {isa = PBXFileReference; lastKnownFileType = text.plist.strings; name = en; path = en.lproj/InfoPlist.strings; sourceTree = "<group>"; };
		E9258D6018EE424600564355 /* main.m */ = {isa = PBXFileReference; lastKnownFileType = sourcecode.c.objc; name = main.m; path = ../main.m; sourceTree = "<group>"; };
		E9258D6218EE424600564355 /* Mango-Prefix.pch */ = {isa = PBXFileReference; lastKnownFileType = sourcecode.c.h; name = "Mango-Prefix.pch"; path = "../Mango-Prefix.pch"; sourceTree = "<group>"; };
		E9258D6418EE424600564355 /* en */ = {isa = PBXFileReference; lastKnownFileType = text.rtf; name = en; path = en.lproj/Credits.rtf; sourceTree = "<group>"; };
		E9258D6618EE424600564355 /* MangoAppDelegate.h */ = {isa = PBXFileReference; lastKnownFileType = sourcecode.c.h; name = MangoAppDelegate.h; path = ../MangoAppDelegate.h; sourceTree = "<group>"; };
		E9258D6718EE424600564355 /* MangoAppDelegate.mm */ = {isa = PBXFileReference; lastKnownFileType = sourcecode.cpp.objcpp; name = MangoAppDelegate.mm; path = ../MangoAppDelegate.mm; sourceTree = "<group>"; };
		E9258D6A18EE424600564355 /* Base */ = {isa = PBXFileReference; lastKnownFileType = file.xib; name = Base; path = Base.lproj/MainMenu.xib; sourceTree = "<group>"; };
		E9258D6C18EE424600564355 /* Images.xcassets */ = {isa = PBXFileReference; lastKnownFileType = folder.assetcatalog; name = Images.xcassets; path = ../Images.xcassets; sourceTree = "<group>"; };
		E9258D7218EE424600564355 /* MangoTests.xctest */ = {isa = PBXFileReference; explicitFileType = wrapper.cfbundle; includeInIndex = 0; path = MangoTests.xctest; sourceTree = BUILT_PRODUCTS_DIR; };
		E9258D7318EE424600564355 /* XCTest.framework */ = {isa = PBXFileReference; lastKnownFileType = wrapper.framework; name = XCTest.framework; path = Library/Frameworks/XCTest.framework; sourceTree = DEVELOPER_DIR; };
		E9258D7A18EE424600564355 /* MangoTests-Info.plist */ = {isa = PBXFileReference; lastKnownFileType = text.plist.xml; path = "MangoTests-Info.plist"; sourceTree = "<group>"; };
		E9258D7C18EE424600564355 /* en */ = {isa = PBXFileReference; lastKnownFileType = text.plist.strings; name = en; path = en.lproj/InfoPlist.strings; sourceTree = "<group>"; };
		E9258D7E18EE424600564355 /* MangoTests.m */ = {isa = PBXFileReference; lastKnownFileType = sourcecode.c.objc; path = MangoTests.m; sourceTree = "<group>"; };
		E92590C718EE7AAA00564355 /* MangoConnectionManager.h */ = {isa = PBXFileReference; fileEncoding = 4; lastKnownFileType = sourcecode.c.h; name = MangoConnectionManager.h; path = ../MangoConnectionManager.h; sourceTree = "<group>"; };
		E92590C818EE7AAA00564355 /* MangoConnectionManager.mm */ = {isa = PBXFileReference; fileEncoding = 4; lastKnownFileType = sourcecode.cpp.objcpp; name = MangoConnectionManager.mm; path = ../MangoConnectionManager.mm; sourceTree = "<group>"; };
		E93167D418F0C010008A4FCE /* mongoclient.xcodeproj */ = {isa = PBXFileReference; lastKnownFileType = "wrapper.pb-project"; name = mongoclient.xcodeproj; path = "External/mongo-cxx-driver/mongoclient.xcodeproj"; sourceTree = SOURCE_ROOT; };
		E9429A1918F9D74C00C367A4 /* MangoBrowserViewController.xib */ = {isa = PBXFileReference; fileEncoding = 4; lastKnownFileType = file.xib; name = MangoBrowserViewController.xib; path = MangoBrowser/MangoBrowserViewController.xib; sourceTree = "<group>"; };
		E9429A1B18FB91E100C367A4 /* MangoBrowserViewController.h */ = {isa = PBXFileReference; fileEncoding = 4; lastKnownFileType = sourcecode.c.h; name = MangoBrowserViewController.h; path = MangoBrowser/MangoBrowserViewController.h; sourceTree = "<group>"; };
		E9429A1C18FB91E100C367A4 /* MangoBrowserViewController.m */ = {isa = PBXFileReference; fileEncoding = 4; lastKnownFileType = sourcecode.c.objc; name = MangoBrowserViewController.m; path = MangoBrowser/MangoBrowserViewController.m; sourceTree = "<group>"; };
		E9429A1E18FB94E800C367A4 /* MangoPlugin.h */ = {isa = PBXFileReference; fileEncoding = 4; lastKnownFileType = sourcecode.c.h; path = MangoPlugin.h; sourceTree = SOURCE_ROOT; };
		E943649D18EF81760076B9A5 /* MangoWindowController.h */ = {isa = PBXFileReference; fileEncoding = 4; lastKnownFileType = sourcecode.c.h; path = MangoWindowController.h; sourceTree = SOURCE_ROOT; };
		E943649E18EF81760076B9A5 /* MangoWindowController.m */ = {isa = PBXFileReference; fileEncoding = 4; lastKnownFileType = sourcecode.c.objc; path = MangoWindowController.m; sourceTree = SOURCE_ROOT; };
		E94364A118EF82500076B9A5 /* MangoWindow.xib */ = {isa = PBXFileReference; fileEncoding = 4; lastKnownFileType = file.xib; path = MangoWindow.xib; sourceTree = SOURCE_ROOT; };
		E94364A318EFAED10076B9A5 /* AboutWindow.xib */ = {isa = PBXFileReference; fileEncoding = 4; lastKnownFileType = file.xib; name = AboutWindow.xib; path = ../AboutWindow.xib; sourceTree = "<group>"; };
		E9535FD319121D2F00BD2480 /* NSAlert+Popover.h */ = {isa = PBXFileReference; fileEncoding = 4; lastKnownFileType = sourcecode.c.h; path = "NSAlert+Popover.h"; sourceTree = SOURCE_ROOT; };
		E9535FD419121D2F00BD2480 /* NSAlert+Popover.m */ = {isa = PBXFileReference; fileEncoding = 4; lastKnownFileType = sourcecode.c.objc; path = "NSAlert+Popover.m"; sourceTree = SOURCE_ROOT; };
		E98B09451909A26A00579980 /* CKCalendarView.h */ = {isa = PBXFileReference; fileEncoding = 4; lastKnownFileType = sourcecode.c.h; path = CKCalendarView.h; sourceTree = SOURCE_ROOT; };
		E98B09461909A26A00579980 /* CKCalendarView.m */ = {isa = PBXFileReference; fileEncoding = 4; lastKnownFileType = sourcecode.c.objc; path = CKCalendarView.m; sourceTree = SOURCE_ROOT; };
		E98DAA8B191169D500561C3C /* Fragaria.xcodeproj */ = {isa = PBXFileReference; lastKnownFileType = "wrapper.pb-project"; name = Fragaria.xcodeproj; path = External/Fragaria/Fragaria.xcodeproj; sourceTree = SOURCE_ROOT; };
		E98FEC8918F3192A004AA776 /* libPods.a */ = {isa = PBXFileReference; lastKnownFileType = archive.ar; name = libPods.a; path = Pods/build/Debug/libPods.a; sourceTree = "<group>"; };
		E99F502A18EF28D7002C149E /* libboost_system.a */ = {isa = PBXFileReference; lastKnownFileType = archive.ar; name = libboost_system.a; path = External/libboost_system.a; sourceTree = "<group>"; };
		E99F502C18EF28F6002C149E /* libboost_thread-mt.a */ = {isa = PBXFileReference; lastKnownFileType = archive.ar; name = "libboost_thread-mt.a"; path = "External/libboost_thread-mt.a"; sourceTree = "<group>"; };
		E9A4E3FD1917505300350653 /* CollectionListCell.h */ = {isa = PBXFileReference; fileEncoding = 4; lastKnownFileType = sourcecode.c.h; path = CollectionListCell.h; sourceTree = "<group>"; };
		E9A4E3FE1917505300350653 /* CollectionListCell.m */ = {isa = PBXFileReference; fileEncoding = 4; lastKnownFileType = sourcecode.c.objc; path = CollectionListCell.m; sourceTree = "<group>"; };
		E9AEB78818FF2639008F3C9D /* MangoBrowserCell.h */ = {isa = PBXFileReference; fileEncoding = 4; lastKnownFileType = sourcecode.c.h; name = MangoBrowserCell.h; path = MangoBrowser/MangoBrowserCell.h; sourceTree = "<group>"; };
		E9AEB78918FF2639008F3C9D /* MangoBrowserCell.m */ = {isa = PBXFileReference; fileEncoding = 4; lastKnownFileType = sourcecode.c.objc; name = MangoBrowserCell.m; path = MangoBrowser/MangoBrowserCell.m; sourceTree = "<group>"; };
		E9AEB79118FF2AC5008F3C9D /* QuartzCore.framework */ = {isa = PBXFileReference; lastKnownFileType = wrapper.framework; name = QuartzCore.framework; path = System/Library/Frameworks/QuartzCore.framework; sourceTree = SDKROOT; };
		E9AEB79318FF46DC008F3C9D /* MangoBrowserValueCell.h */ = {isa = PBXFileReference; fileEncoding = 4; lastKnownFileType = sourcecode.c.h; name = MangoBrowserValueCell.h; path = MangoBrowser/MangoBrowserValueCell.h; sourceTree = "<group>"; };
		E9AEB79418FF46DC008F3C9D /* MangoBrowserValueCell.m */ = {isa = PBXFileReference; fileEncoding = 4; lastKnownFileType = sourcecode.c.objc; name = MangoBrowserValueCell.m; path = MangoBrowser/MangoBrowserValueCell.m; sourceTree = "<group>"; };
		E9AEB79618FF937E008F3C9D /* ConnectionBannerView.h */ = {isa = PBXFileReference; fileEncoding = 4; lastKnownFileType = sourcecode.c.h; path = ConnectionBannerView.h; sourceTree = "<group>"; };
		E9AEB79718FF937E008F3C9D /* ConnectionBannerView.m */ = {isa = PBXFileReference; fileEncoding = 4; lastKnownFileType = sourcecode.c.objc; path = ConnectionBannerView.m; sourceTree = "<group>"; };
		E9AEB79A19003098008F3C9D /* InfoWindow.xib */ = {isa = PBXFileReference; fileEncoding = 4; lastKnownFileType = file.xib; path = InfoWindow.xib; sourceTree = "<group>"; };
		E9AEB79C1900311B008F3C9D /* InfoWindowController.h */ = {isa = PBXFileReference; fileEncoding = 4; lastKnownFileType = sourcecode.c.h; name = InfoWindowController.h; path = InfoWindow/InfoWindowController.h; sourceTree = SOURCE_ROOT; };
		E9AEB79D1900311B008F3C9D /* InfoWindowController.m */ = {isa = PBXFileReference; fileEncoding = 4; lastKnownFileType = sourcecode.c.objc; name = InfoWindowController.m; path = InfoWindow/InfoWindowController.m; sourceTree = SOURCE_ROOT; };
		E9BC454F1902EE9A0094A8D8 /* MangoPluginManager.h */ = {isa = PBXFileReference; fileEncoding = 4; lastKnownFileType = sourcecode.c.h; path = MangoPluginManager.h; sourceTree = SOURCE_ROOT; };
		E9BC45501902EE9A0094A8D8 /* MangoPluginManager.m */ = {isa = PBXFileReference; fileEncoding = 4; lastKnownFileType = sourcecode.c.objc; path = MangoPluginManager.m; sourceTree = SOURCE_ROOT; };
		E9BC455A1904277B0094A8D8 /* MangoPluginTabItem.h */ = {isa = PBXFileReference; fileEncoding = 4; lastKnownFileType = sourcecode.c.h; path = MangoPluginTabItem.h; sourceTree = SOURCE_ROOT; };
		E9BC455B1904277B0094A8D8 /* MangoPluginTabItem.m */ = {isa = PBXFileReference; fileEncoding = 4; lastKnownFileType = sourcecode.c.objc; path = MangoPluginTabItem.m; sourceTree = SOURCE_ROOT; };
		E9D361691913EA3C0045D640 /* OpenSans-Light.ttf */ = {isa = PBXFileReference; lastKnownFileType = file; name = "OpenSans-Light.ttf"; path = "Fonts/OpenSans-Light.ttf"; sourceTree = "<group>"; };
		E9D361741913EBBE0045D640 /* OpenSans-Bold.ttf */ = {isa = PBXFileReference; lastKnownFileType = file; name = "OpenSans-Bold.ttf"; path = "Fonts/OpenSans-Bold.ttf"; sourceTree = "<group>"; };
		E9D361751913EBBE0045D640 /* OpenSans-BoldItalic.ttf */ = {isa = PBXFileReference; lastKnownFileType = file; name = "OpenSans-BoldItalic.ttf"; path = "Fonts/OpenSans-BoldItalic.ttf"; sourceTree = "<group>"; };
		E9D361761913EBBE0045D640 /* OpenSans-ExtraBold.ttf */ = {isa = PBXFileReference; lastKnownFileType = file; name = "OpenSans-ExtraBold.ttf"; path = "Fonts/OpenSans-ExtraBold.ttf"; sourceTree = "<group>"; };
		E9D361771913EBBE0045D640 /* OpenSans-ExtraBoldItalic.ttf */ = {isa = PBXFileReference; lastKnownFileType = file; name = "OpenSans-ExtraBoldItalic.ttf"; path = "Fonts/OpenSans-ExtraBoldItalic.ttf"; sourceTree = "<group>"; };
		E9D361781913EBBE0045D640 /* OpenSans-Italic.ttf */ = {isa = PBXFileReference; lastKnownFileType = file; name = "OpenSans-Italic.ttf"; path = "Fonts/OpenSans-Italic.ttf"; sourceTree = "<group>"; };
		E9D361791913EBBE0045D640 /* OpenSans-LightItalic.ttf */ = {isa = PBXFileReference; lastKnownFileType = file; name = "OpenSans-LightItalic.ttf"; path = "Fonts/OpenSans-LightItalic.ttf"; sourceTree = "<group>"; };
		E9D3617A1913EBBE0045D640 /* OpenSans-Regular.ttf */ = {isa = PBXFileReference; lastKnownFileType = file; name = "OpenSans-Regular.ttf"; path = "Fonts/OpenSans-Regular.ttf"; sourceTree = "<group>"; };
		E9D3617B1913EBBE0045D640 /* OpenSans-Semibold.ttf */ = {isa = PBXFileReference; lastKnownFileType = file; name = "OpenSans-Semibold.ttf"; path = "Fonts/OpenSans-Semibold.ttf"; sourceTree = "<group>"; };
		E9D3617C1913EBBE0045D640 /* OpenSans-SemiboldItalic.ttf */ = {isa = PBXFileReference; lastKnownFileType = file; name = "OpenSans-SemiboldItalic.ttf"; path = "Fonts/OpenSans-SemiboldItalic.ttf"; sourceTree = "<group>"; };
		E9F5D3D818F3A43F00083B1F /* MMTabBarView.xcodeproj */ = {isa = PBXFileReference; lastKnownFileType = "wrapper.pb-project"; name = MMTabBarView.xcodeproj; path = External/MMTabBarView/MMTabBarView/MMTabBarView.xcodeproj; sourceTree = SOURCE_ROOT; };
		E9F7D6C61914433D00744FB2 /* CreateItemPopover.h */ = {isa = PBXFileReference; fileEncoding = 4; lastKnownFileType = sourcecode.c.h; path = CreateItemPopover.h; sourceTree = "<group>"; };
		E9F7D6C71914433D00744FB2 /* CreateItemPopover.m */ = {isa = PBXFileReference; fileEncoding = 4; lastKnownFileType = sourcecode.c.objc; path = CreateItemPopover.m; sourceTree = "<group>"; };
/* End PBXFileReference section */

/* Begin PBXFrameworksBuildPhase section */
		E9258D4E18EE424500564355 /* Frameworks */ = {
			isa = PBXFrameworksBuildPhase;
			buildActionMask = 2147483647;
			files = (
				E9AEB79218FF2AC5008F3C9D /* QuartzCore.framework in Frameworks */,
				E9F5D3E418F3A44C00083B1F /* MMTabBarView.framework in Frameworks */,
				E98FEC8A18F3192A004AA776 /* libPods.a in Frameworks */,
				E9D589D518F0CA3D00F9B333 /* libmongoclient.a in Frameworks */,
				E99F502D18EF28F6002C149E /* libboost_thread-mt.a in Frameworks */,
				E99F502B18EF28D7002C149E /* libboost_system.a in Frameworks */,
				E9258D5518EE424600564355 /* Cocoa.framework in Frameworks */,
			);
			runOnlyForDeploymentPostprocessing = 0;
		};
		E9258D6F18EE424600564355 /* Frameworks */ = {
			isa = PBXFrameworksBuildPhase;
			buildActionMask = 2147483647;
			files = (
				E9258D7518EE424600564355 /* Cocoa.framework in Frameworks */,
				E9258D7418EE424600564355 /* XCTest.framework in Frameworks */,
			);
			runOnlyForDeploymentPostprocessing = 0;
		};
/* End PBXFrameworksBuildPhase section */

/* Begin PBXGroup section */
		E90D917E19082C8100D399AE /* CKCalendarView */ = {
			isa = PBXGroup;
			children = (
				E98B09451909A26A00579980 /* CKCalendarView.h */,
				E98B09461909A26A00579980 /* CKCalendarView.m */,
			);
			name = CKCalendarView;
			sourceTree = "<group>";
		};
		E91547981901761900188F70 /* Cells */ = {
			isa = PBXGroup;
			children = (
				E9AEB78818FF2639008F3C9D /* MangoBrowserCell.h */,
				E9AEB78918FF2639008F3C9D /* MangoBrowserCell.m */,
				E91547951901748400188F70 /* MangoBrowserKeyCell.h */,
				E91547961901748400188F70 /* MangoBrowserKeyCell.m */,
				E9AEB79318FF46DC008F3C9D /* MangoBrowserValueCell.h */,
				E9AEB79418FF46DC008F3C9D /* MangoBrowserValueCell.m */,
			);
			name = Cells;
			sourceTree = "<group>";
		};
		E9258AF619248E4000326D0E /* Data Browser Widgets */ = {
			isa = PBXGroup;
			children = (
				E9258AF119248A2800326D0E /* MangoBrowserOutlineView.xib */,
				E9258AF7192507B800326D0E /* MangoBrowserContainer.h */,
				E915478B1900F36900188F70 /* MangoBrowserOutlineView.h */,
				E915478C1900F36900188F70 /* MangoBrowserOutlineView.m */,
				E9258AF319248CD100326D0E /* MangoFileBrowserOutlineView.h */,
				E9258AF419248CD100326D0E /* MangoFileBrowserOutlineView.m */,
			);
			name = "Data Browser Widgets";
			sourceTree = "<group>";
		};
		E9258D4818EE424500564355 = {
			isa = PBXGroup;
			children = (
				E9258D5A18EE424600564355 /* Mango */,
				E9258D7818EE424600564355 /* MangoTests */,
				E9258D5318EE424600564355 /* Frameworks */,
				E9258D5218EE424600564355 /* Products */,
				ABB0700885DC4ABA993CDE74 /* Pods.xcconfig */,
			);
			sourceTree = "<group>";
		};
		E9258D5218EE424600564355 /* Products */ = {
			isa = PBXGroup;
			children = (
				E9258D5118EE424600564355 /* Mango.app */,
				E9258D7218EE424600564355 /* MangoTests.xctest */,
			);
			name = Products;
			sourceTree = "<group>";
		};
		E9258D5318EE424600564355 /* Frameworks */ = {
			isa = PBXGroup;
			children = (
				E9AEB79118FF2AC5008F3C9D /* QuartzCore.framework */,
				E98FEC8918F3192A004AA776 /* libPods.a */,
				E99F502C18EF28F6002C149E /* libboost_thread-mt.a */,
				E99F502A18EF28D7002C149E /* libboost_system.a */,
				E9258D5418EE424600564355 /* Cocoa.framework */,
				E9258D7318EE424600564355 /* XCTest.framework */,
				E9258D5618EE424600564355 /* Other Frameworks */,
				89C8FCE185B94B3E870A57CC /* libPods.a */,
			);
			name = Frameworks;
			sourceTree = "<group>";
		};
		E9258D5618EE424600564355 /* Other Frameworks */ = {
			isa = PBXGroup;
			children = (
				E9258D5718EE424600564355 /* AppKit.framework */,
				E9258D5818EE424600564355 /* CoreData.framework */,
				E9258D5918EE424600564355 /* Foundation.framework */,
			);
			name = "Other Frameworks";
			sourceTree = "<group>";
		};
		E9258D5A18EE424600564355 /* Mango */ = {
			isa = PBXGroup;
			children = (
				E9D361731913EB5E0045D640 /* Fonts */,
				E9258D8F18EE623F00564355 /* External */,
				E9AEB7991900308E008F3C9D /* InfoWindow */,
				E9429A1818F9D71800C367A4 /* MangoBrowser */,
				E9BC45541902EEB10094A8D8 /* Plugins */,
				E94FD28B18F4D5A00052FB55 /* MangoWindow */,
				E9258D6618EE424600564355 /* MangoAppDelegate.h */,
				E9258D6718EE424600564355 /* MangoAppDelegate.mm */,
				E92590C418EE62FF00564355 /* ConnectionWindow */,
				E9258D6C18EE424600564355 /* Images.xcassets */,
				E9258D5B18EE424600564355 /* Supporting Files */,
			);
			path = Mango;
			sourceTree = "<group>";
		};
		E9258D5B18EE424600564355 /* Supporting Files */ = {
			isa = PBXGroup;
			children = (
				E9258D5C18EE424600564355 /* Mango-Info.plist */,
				E9258D5D18EE424600564355 /* InfoPlist.strings */,
				E9258D6018EE424600564355 /* main.m */,
				E9258D6218EE424600564355 /* Mango-Prefix.pch */,
				E9258D6318EE424600564355 /* Credits.rtf */,
			);
			name = "Supporting Files";
			sourceTree = "<group>";
		};
		E9258D7818EE424600564355 /* MangoTests */ = {
			isa = PBXGroup;
			children = (
				E9258D7E18EE424600564355 /* MangoTests.m */,
				E9258D7918EE424600564355 /* Supporting Files */,
			);
			path = MangoTests;
			sourceTree = "<group>";
		};
		E9258D7918EE424600564355 /* Supporting Files */ = {
			isa = PBXGroup;
			children = (
				E9258D7A18EE424600564355 /* MangoTests-Info.plist */,
				E9258D7B18EE424600564355 /* InfoPlist.strings */,
			);
			name = "Supporting Files";
			sourceTree = "<group>";
		};
		E9258D8F18EE623F00564355 /* External */ = {
			isa = PBXGroup;
			children = (
				E9535FD219121D1700BD2480 /* NSPopupAlert */,
				E90D917E19082C8100D399AE /* CKCalendarView */,
				E98DAA8B191169D500561C3C /* Fragaria.xcodeproj */,
				E9F5D3D818F3A43F00083B1F /* MMTabBarView.xcodeproj */,
				E93167D418F0C010008A4FCE /* mongoclient.xcodeproj */,
			);
			path = External;
			sourceTree = "<group>";
		};
		E92590C418EE62FF00564355 /* ConnectionWindow */ = {
			isa = PBXGroup;
			children = (
				E9258D6918EE424600564355 /* MainMenu.xib */,
				E94364A318EFAED10076B9A5 /* AboutWindow.xib */,
				E92590C718EE7AAA00564355 /* MangoConnectionManager.h */,
				E92590C818EE7AAA00564355 /* MangoConnectionManager.mm */,
			);
			name = ConnectionWindow;
			sourceTree = "<group>";
		};
		E93167D518F0C010008A4FCE /* Products */ = {
			isa = PBXGroup;
			children = (
				E93167DB18F0C011008A4FCE /* libmongoclient.a */,
			);
			name = Products;
			sourceTree = "<group>";
		};
		E9429A1818F9D71800C367A4 /* MangoBrowser */ = {
			isa = PBXGroup;
			children = (
				E9258AF619248E4000326D0E /* Data Browser Widgets */,
				E9429A1918F9D74C00C367A4 /* MangoBrowserViewController.xib */,
				E9258AE81924868B00326D0E /* MangoBrowserOutlineViewContainer.h */,
				E9258AE91924868B00326D0E /* MangoBrowserOutlineViewContainer.m */,
				E9429A1B18FB91E100C367A4 /* MangoBrowserViewController.h */,
				E9429A1C18FB91E100C367A4 /* MangoBrowserViewController.m */,
				E91547981901761900188F70 /* Cells */,
				E91547921900FE1A00188F70 /* NSCell+TrackingCell.h */,
			);
			name = MangoBrowser;
			path = ..;
			sourceTree = "<group>";
		};
		E94FD28B18F4D5A00052FB55 /* MangoWindow */ = {
			isa = PBXGroup;
			children = (
				E943649D18EF81760076B9A5 /* MangoWindowController.h */,
				E943649E18EF81760076B9A5 /* MangoWindowController.m */,
				E9F7D6C61914433D00744FB2 /* CreateItemPopover.h */,
				E9F7D6C71914433D00744FB2 /* CreateItemPopover.m */,
				E94364A118EF82500076B9A5 /* MangoWindow.xib */,
				E9AEB79618FF937E008F3C9D /* ConnectionBannerView.h */,
				E9AEB79718FF937E008F3C9D /* ConnectionBannerView.m */,
				E91547861900B90800188F70 /* MangoDataManager.h */,
				E91547871900B90800188F70 /* MangoDataManager.m */,
				E9A4E3FD1917505300350653 /* CollectionListCell.h */,
				E9A4E3FE1917505300350653 /* CollectionListCell.m */,
			);
			name = MangoWindow;
			sourceTree = "<group>";
		};
		E9535FD219121D1700BD2480 /* NSPopupAlert */ = {
			isa = PBXGroup;
			children = (
				E9535FD319121D2F00BD2480 /* NSAlert+Popover.h */,
				E9535FD419121D2F00BD2480 /* NSAlert+Popover.m */,
			);
			name = NSPopupAlert;
			sourceTree = "<group>";
		};
		E98DAA8C191169D500561C3C /* Products */ = {
			isa = PBXGroup;
			children = (
				E98DAA93191169D500561C3C /* Fragaria Doc.app */,
				E98DAA95191169D500561C3C /* Fragaria GC.app */,
				E98DAA97191169D500561C3C /* Fragaria.app */,
				E98DAA99191169D500561C3C /* MGSFragaria.framework */,
			);
			name = Products;
			sourceTree = "<group>";
		};
		E9AEB7991900308E008F3C9D /* InfoWindow */ = {
			isa = PBXGroup;
			children = (
				E9AEB79A19003098008F3C9D /* InfoWindow.xib */,
				E9AEB79C1900311B008F3C9D /* InfoWindowController.h */,
				E9AEB79D1900311B008F3C9D /* InfoWindowController.m */,
			);
			name = InfoWindow;
			sourceTree = "<group>";
		};
		E9BC45541902EEB10094A8D8 /* Plugins */ = {
			isa = PBXGroup;
			children = (
				E9BC455A1904277B0094A8D8 /* MangoPluginTabItem.h */,
				E9BC455B1904277B0094A8D8 /* MangoPluginTabItem.m */,
				E9BC454F1902EE9A0094A8D8 /* MangoPluginManager.h */,
				E9BC45501902EE9A0094A8D8 /* MangoPluginManager.m */,
				E9429A1E18FB94E800C367A4 /* MangoPlugin.h */,
			);
			name = Plugins;
			sourceTree = "<group>";
		};
		E9D361731913EB5E0045D640 /* Fonts */ = {
			isa = PBXGroup;
			children = (
				E9D361741913EBBE0045D640 /* OpenSans-Bold.ttf */,
				E9D361751913EBBE0045D640 /* OpenSans-BoldItalic.ttf */,
				E9D361761913EBBE0045D640 /* OpenSans-ExtraBold.ttf */,
				E9D361771913EBBE0045D640 /* OpenSans-ExtraBoldItalic.ttf */,
				E9D361781913EBBE0045D640 /* OpenSans-Italic.ttf */,
				E9D361791913EBBE0045D640 /* OpenSans-LightItalic.ttf */,
				E9D3617A1913EBBE0045D640 /* OpenSans-Regular.ttf */,
				E9D3617B1913EBBE0045D640 /* OpenSans-Semibold.ttf */,
				E9D3617C1913EBBE0045D640 /* OpenSans-SemiboldItalic.ttf */,
				E9D361691913EA3C0045D640 /* OpenSans-Light.ttf */,
			);
			name = Fonts;
			path = ..;
			sourceTree = "<group>";
		};
		E9F5D3D918F3A43F00083B1F /* Products */ = {
			isa = PBXGroup;
			children = (
				E9F5D3E218F3A43F00083B1F /* MMTabBarView.framework */,
			);
			name = Products;
			sourceTree = "<group>";
		};
/* End PBXGroup section */

/* Begin PBXNativeTarget section */
		E9258D5018EE424500564355 /* Mango */ = {
			isa = PBXNativeTarget;
			buildConfigurationList = E9258D8218EE424600564355 /* Build configuration list for PBXNativeTarget "Mango" */;
			buildPhases = (
				9F75F91A952E4D87A3EB0535 /* Check Pods Manifest.lock */,
				E9258D4D18EE424500564355 /* Sources */,
				E9258D4E18EE424500564355 /* Frameworks */,
				E9258D4F18EE424500564355 /* Resources */,
				E9D361711913EB340045D640 /* CopyFiles */,
				E9D361861913F7840045D640 /* CopyFiles */,
				D87976A67CF5491DA93A322E /* Copy Pods Resources */,
			);
			buildRules = (
			);
			dependencies = (
			);
			name = Mango;
			productName = Mango;
			productReference = E9258D5118EE424600564355 /* Mango.app */;
			productType = "com.apple.product-type.application";
		};
		E9258D7118EE424600564355 /* MangoTests */ = {
			isa = PBXNativeTarget;
			buildConfigurationList = E9258D8518EE424600564355 /* Build configuration list for PBXNativeTarget "MangoTests" */;
			buildPhases = (
				E9258D6E18EE424600564355 /* Sources */,
				E9258D6F18EE424600564355 /* Frameworks */,
				E9258D7018EE424600564355 /* Resources */,
			);
			buildRules = (
			);
			dependencies = (
				E9258D7718EE424600564355 /* PBXTargetDependency */,
			);
			name = MangoTests;
			productName = MangoTests;
			productReference = E9258D7218EE424600564355 /* MangoTests.xctest */;
			productType = "com.apple.product-type.bundle.unit-test";
		};
/* End PBXNativeTarget section */

/* Begin PBXProject section */
		E9258D4918EE424500564355 /* Project object */ = {
			isa = PBXProject;
			attributes = {
				CLASSPREFIX = Mango;
				LastUpgradeCheck = 0510;
				ORGANIZATIONNAME = "Juan Carlos Moreno";
				TargetAttributes = {
					E9258D7118EE424600564355 = {
						TestTargetID = E9258D5018EE424500564355;
					};
				};
			};
			buildConfigurationList = E9258D4C18EE424500564355 /* Build configuration list for PBXProject "Mango" */;
			compatibilityVersion = "Xcode 3.2";
			developmentRegion = English;
			hasScannedForEncodings = 0;
			knownRegions = (
				en,
				Base,
			);
			mainGroup = E9258D4818EE424500564355;
			productRefGroup = E9258D5218EE424600564355 /* Products */;
			projectDirPath = "";
			projectReferences = (
				{
					ProductGroup = E98DAA8C191169D500561C3C /* Products */;
					ProjectRef = E98DAA8B191169D500561C3C /* Fragaria.xcodeproj */;
				},
				{
					ProductGroup = E9F5D3D918F3A43F00083B1F /* Products */;
					ProjectRef = E9F5D3D818F3A43F00083B1F /* MMTabBarView.xcodeproj */;
				},
				{
					ProductGroup = E93167D518F0C010008A4FCE /* Products */;
					ProjectRef = E93167D418F0C010008A4FCE /* mongoclient.xcodeproj */;
				},
			);
			projectRoot = "";
			targets = (
				E9258D5018EE424500564355 /* Mango */,
				E9258D7118EE424600564355 /* MangoTests */,
			);
		};
/* End PBXProject section */

/* Begin PBXReferenceProxy section */
		E93167DB18F0C011008A4FCE /* libmongoclient.a */ = {
			isa = PBXReferenceProxy;
			fileType = archive.ar;
			path = libmongoclient.a;
			remoteRef = E93167DA18F0C011008A4FCE /* PBXContainerItemProxy */;
			sourceTree = BUILT_PRODUCTS_DIR;
		};
		E98DAA93191169D500561C3C /* Fragaria Doc.app */ = {
			isa = PBXReferenceProxy;
			fileType = wrapper.application;
			path = "Fragaria Doc.app";
			remoteRef = E98DAA92191169D500561C3C /* PBXContainerItemProxy */;
			sourceTree = BUILT_PRODUCTS_DIR;
		};
		E98DAA95191169D500561C3C /* Fragaria GC.app */ = {
			isa = PBXReferenceProxy;
			fileType = wrapper.application;
			path = "Fragaria GC.app";
			remoteRef = E98DAA94191169D500561C3C /* PBXContainerItemProxy */;
			sourceTree = BUILT_PRODUCTS_DIR;
		};
		E98DAA97191169D500561C3C /* Fragaria.app */ = {
			isa = PBXReferenceProxy;
			fileType = wrapper.application;
			path = Fragaria.app;
			remoteRef = E98DAA96191169D500561C3C /* PBXContainerItemProxy */;
			sourceTree = BUILT_PRODUCTS_DIR;
		};
		E98DAA99191169D500561C3C /* MGSFragaria.framework */ = {
			isa = PBXReferenceProxy;
			fileType = wrapper.framework;
			path = MGSFragaria.framework;
			remoteRef = E98DAA98191169D500561C3C /* PBXContainerItemProxy */;
			sourceTree = BUILT_PRODUCTS_DIR;
		};
		E9F5D3E218F3A43F00083B1F /* MMTabBarView.framework */ = {
			isa = PBXReferenceProxy;
			fileType = wrapper.framework;
			path = MMTabBarView.framework;
			remoteRef = E9F5D3E118F3A43F00083B1F /* PBXContainerItemProxy */;
			sourceTree = BUILT_PRODUCTS_DIR;
		};
/* End PBXReferenceProxy section */

/* Begin PBXResourcesBuildPhase section */
		E9258D4F18EE424500564355 /* Resources */ = {
			isa = PBXResourcesBuildPhase;
			buildActionMask = 2147483647;
			files = (
				E9429A1A18F9D74C00C367A4 /* MangoBrowserViewController.xib in Resources */,
				E97A0E7C18F1D5F800098D55 /* MainMenu.xib in Resources */,
				E94364A218EF82500076B9A5 /* MangoWindow.xib in Resources */,
				E94364A418EFAED10076B9A5 /* AboutWindow.xib in Resources */,
				E9258D6D18EE424600564355 /* Images.xcassets in Resources */,
				E9258AF219248A2800326D0E /* MangoBrowserOutlineView.xib in Resources */,
				E9AEB79B19003099008F3C9D /* InfoWindow.xib in Resources */,
				E9258D6518EE424600564355 /* Credits.rtf in Resources */,
			);
			runOnlyForDeploymentPostprocessing = 0;
		};
		E9258D7018EE424600564355 /* Resources */ = {
			isa = PBXResourcesBuildPhase;
			buildActionMask = 2147483647;
			files = (
				E9258D7D18EE424600564355 /* InfoPlist.strings in Resources */,
			);
			runOnlyForDeploymentPostprocessing = 0;
		};
/* End PBXResourcesBuildPhase section */

/* Begin PBXShellScriptBuildPhase section */
		9F75F91A952E4D87A3EB0535 /* Check Pods Manifest.lock */ = {
			isa = PBXShellScriptBuildPhase;
			buildActionMask = 2147483647;
			files = (
			);
			inputPaths = (
			);
			name = "Check Pods Manifest.lock";
			outputPaths = (
			);
			runOnlyForDeploymentPostprocessing = 0;
			shellPath = /bin/sh;
			shellScript = "diff \"${PODS_ROOT}/../Podfile.lock\" \"${PODS_ROOT}/Manifest.lock\" > /dev/null\nif [[ $? != 0 ]] ; then\n    cat << EOM\nerror: The sandbox is not in sync with the Podfile.lock. Run 'pod install' or update your CocoaPods installation.\nEOM\n    exit 1\nfi\n";
			showEnvVarsInLog = 0;
		};
		D87976A67CF5491DA93A322E /* Copy Pods Resources */ = {
			isa = PBXShellScriptBuildPhase;
			buildActionMask = 2147483647;
			files = (
			);
			inputPaths = (
			);
			name = "Copy Pods Resources";
			outputPaths = (
			);
			runOnlyForDeploymentPostprocessing = 0;
			shellPath = /bin/sh;
			shellScript = "\"${SRCROOT}/Pods/Pods-resources.sh\"\n";
			showEnvVarsInLog = 0;
		};
/* End PBXShellScriptBuildPhase section */

/* Begin PBXSourcesBuildPhase section */
		E9258D4D18EE424500564355 /* Sources */ = {
			isa = PBXSourcesBuildPhase;
			buildActionMask = 2147483647;
			files = (
				E9258D6118EE424600564355 /* main.m in Sources */,
				E92593CF18EE7F9C00564355 /* MangoAppDelegate.mm in Sources */,
				E9AEB79818FF937E008F3C9D /* ConnectionBannerView.m in Sources */,
				E9BC455C1904277B0094A8D8 /* MangoPluginTabItem.m in Sources */,
				E9AEB79E1900311B008F3C9D /* InfoWindowController.m in Sources */,
				E943649F18EF81760076B9A5 /* MangoWindowController.m in Sources */,
				E9F7D6C81914433D00744FB2 /* CreateItemPopover.m in Sources */,
				E9AEB79518FF46DC008F3C9D /* MangoBrowserValueCell.m in Sources */,
				E9535FD519121D2F00BD2480 /* NSAlert+Popover.m in Sources */,
				E9BC45511902EE9A0094A8D8 /* MangoPluginManager.m in Sources */,
				E9AEB78A18FF2639008F3C9D /* MangoBrowserCell.m in Sources */,
				E9A4E3FF1917505300350653 /* CollectionListCell.m in Sources */,
				E915478D1900F36900188F70 /* MangoBrowserOutlineView.m in Sources */,
				E9258AF519248CD100326D0E /* MangoFileBrowserOutlineView.m in Sources */,
				E92593D018EE7F9E00564355 /* MangoConnectionManager.mm in Sources */,
				E9429A1D18FB91E100C367A4 /* MangoBrowserViewController.m in Sources */,
				E9258AEA1924868B00326D0E /* MangoBrowserOutlineViewContainer.m in Sources */,
				E91547881900B90800188F70 /* MangoDataManager.m in Sources */,
				E98B09471909A26A00579980 /* CKCalendarView.m in Sources */,
				E91547971901748400188F70 /* MangoBrowserKeyCell.m in Sources */,
			);
			runOnlyForDeploymentPostprocessing = 0;
		};
		E9258D6E18EE424600564355 /* Sources */ = {
			isa = PBXSourcesBuildPhase;
			buildActionMask = 2147483647;
			files = (
				E9258D7F18EE424600564355 /* MangoTests.m in Sources */,
			);
			runOnlyForDeploymentPostprocessing = 0;
		};
/* End PBXSourcesBuildPhase section */

/* Begin PBXTargetDependency section */
		E9258D7718EE424600564355 /* PBXTargetDependency */ = {
			isa = PBXTargetDependency;
			target = E9258D5018EE424500564355 /* Mango */;
			targetProxy = E9258D7618EE424600564355 /* PBXContainerItemProxy */;
		};
/* End PBXTargetDependency section */

/* Begin PBXVariantGroup section */
		E9258D5D18EE424600564355 /* InfoPlist.strings */ = {
			isa = PBXVariantGroup;
			children = (
				E9258D5E18EE424600564355 /* en */,
			);
			name = InfoPlist.strings;
			path = ..;
			sourceTree = "<group>";
		};
		E9258D6318EE424600564355 /* Credits.rtf */ = {
			isa = PBXVariantGroup;
			children = (
				E9258D6418EE424600564355 /* en */,
			);
			name = Credits.rtf;
			path = ..;
			sourceTree = "<group>";
		};
		E9258D6918EE424600564355 /* MainMenu.xib */ = {
			isa = PBXVariantGroup;
			children = (
				E9258D6A18EE424600564355 /* Base */,
			);
			name = MainMenu.xib;
			path = ..;
			sourceTree = "<group>";
		};
		E9258D7B18EE424600564355 /* InfoPlist.strings */ = {
			isa = PBXVariantGroup;
			children = (
				E9258D7C18EE424600564355 /* en */,
			);
			name = InfoPlist.strings;
			sourceTree = "<group>";
		};
/* End PBXVariantGroup section */

/* Begin XCBuildConfiguration section */
		E9258D8018EE424600564355 /* Debug */ = {
			isa = XCBuildConfiguration;
			buildSettings = {
				ALWAYS_SEARCH_USER_PATHS = NO;
				ASSETCATALOG_COMPILER_APPICON_NAME = "";
				CLANG_CXX_LANGUAGE_STANDARD = "gnu++0x";
				CLANG_CXX_LIBRARY = "libc++";
				CLANG_ENABLE_MODULES = YES;
				CLANG_ENABLE_OBJC_ARC = YES;
				CLANG_WARN_BOOL_CONVERSION = YES;
				CLANG_WARN_CONSTANT_CONVERSION = YES;
				CLANG_WARN_DIRECT_OBJC_ISA_USAGE = YES_ERROR;
				CLANG_WARN_EMPTY_BODY = YES;
				CLANG_WARN_ENUM_CONVERSION = YES;
				CLANG_WARN_INT_CONVERSION = YES;
				CLANG_WARN_OBJC_ROOT_CLASS = YES_ERROR;
				CLANG_WARN__DUPLICATE_METHOD_MATCH = YES;
				COPY_PHASE_STRIP = NO;
				GCC_C_LANGUAGE_STANDARD = gnu99;
				GCC_DYNAMIC_NO_PIC = NO;
				GCC_ENABLE_OBJC_EXCEPTIONS = YES;
				GCC_OPTIMIZATION_LEVEL = 0;
				GCC_PREPROCESSOR_DEFINITIONS = (
					"DEBUG=1",
					"$(inherited)",
				);
				GCC_SYMBOLS_PRIVATE_EXTERN = NO;
				GCC_WARN_64_TO_32_BIT_CONVERSION = YES;
				GCC_WARN_ABOUT_RETURN_TYPE = YES_ERROR;
				GCC_WARN_UNDECLARED_SELECTOR = YES;
				GCC_WARN_UNINITIALIZED_AUTOS = YES_AGGRESSIVE;
				GCC_WARN_UNUSED_FUNCTION = YES;
				GCC_WARN_UNUSED_VARIABLE = YES;
				INFOPLIST_FILE = "Mango-Info.plist";
				MACOSX_DEPLOYMENT_TARGET = 10.9;
				ONLY_ACTIVE_ARCH = YES;
				SDKROOT = macosx;
			};
			name = Debug;
		};
		E9258D8118EE424600564355 /* Release */ = {
			isa = XCBuildConfiguration;
			buildSettings = {
				ALWAYS_SEARCH_USER_PATHS = NO;
				ASSETCATALOG_COMPILER_APPICON_NAME = "";
				CLANG_CXX_LANGUAGE_STANDARD = "gnu++0x";
				CLANG_CXX_LIBRARY = "libc++";
				CLANG_ENABLE_MODULES = YES;
				CLANG_ENABLE_OBJC_ARC = YES;
				CLANG_WARN_BOOL_CONVERSION = YES;
				CLANG_WARN_CONSTANT_CONVERSION = YES;
				CLANG_WARN_DIRECT_OBJC_ISA_USAGE = YES_ERROR;
				CLANG_WARN_EMPTY_BODY = YES;
				CLANG_WARN_ENUM_CONVERSION = YES;
				CLANG_WARN_INT_CONVERSION = YES;
				CLANG_WARN_OBJC_ROOT_CLASS = YES_ERROR;
				CLANG_WARN__DUPLICATE_METHOD_MATCH = YES;
				COPY_PHASE_STRIP = YES;
				DEBUG_INFORMATION_FORMAT = "dwarf-with-dsym";
				ENABLE_NS_ASSERTIONS = NO;
				GCC_C_LANGUAGE_STANDARD = gnu99;
				GCC_ENABLE_OBJC_EXCEPTIONS = YES;
				GCC_WARN_64_TO_32_BIT_CONVERSION = YES;
				GCC_WARN_ABOUT_RETURN_TYPE = YES_ERROR;
				GCC_WARN_UNDECLARED_SELECTOR = YES;
				GCC_WARN_UNINITIALIZED_AUTOS = YES_AGGRESSIVE;
				GCC_WARN_UNUSED_FUNCTION = YES;
				GCC_WARN_UNUSED_VARIABLE = YES;
				INFOPLIST_FILE = "Mango-Info.plist";
				MACOSX_DEPLOYMENT_TARGET = 10.9;
				SDKROOT = macosx;
			};
			name = Release;
		};
		E9258D8318EE424600564355 /* Debug */ = {
			isa = XCBuildConfiguration;
			baseConfigurationReference = ABB0700885DC4ABA993CDE74 /* Pods.xcconfig */;
			buildSettings = {
				ALWAYS_SEARCH_USER_PATHS = YES;
				ASSETCATALOG_COMPILER_APPICON_NAME = AppIcon;
				CLANG_WARN_CONSTANT_CONVERSION = NO;
				COMBINE_HIDPI_IMAGES = YES;
				FRAMEWORK_SEARCH_PATHS = (
					"\"$(SRCROOT)/External/Fragaria/build/$(CONFIGURATION)\"",
					"$(SRCROOT)/External/MMTabBarView/MMTabBarView/build/$(CONFIGURATION)",
				);
				GCC_PRECOMPILE_PREFIX_HEADER = YES;
				GCC_PREFIX_HEADER = "Mango-Prefix.pch";
				GCC_WARN_64_TO_32_BIT_CONVERSION = NO;
				HEADER_SEARCH_PATHS = (
					"\"$(SRCROOT)/External/mongo-cxx-driver/src\"",
					"$(inherited)",
					/Applications/Xcode.app/Contents/Developer/Toolchains/XcodeDefault.xctoolchain/usr/include,
					/usr/local/Cellar/boost/1.53.0/include/,
				);
				INFOPLIST_FILE = "Mango-Info.plist";
				LIBRARY_SEARCH_PATHS = (
					"$(inherited)",
					"$(PROJECT_DIR)/External/**",
					"/usr/local/lib/**",
					"$(PROJECT_DIR)/External",
					"$(PROJECT_DIR)/External",
					"$(PROJECT_DIR)/External/mongo-cxx-driver/build/darwin/64/c++11/libc++/osx-version-min_10.7/mongo",
					"$(PROJECT_DIR)/External/mongo-cxx-driver/build/darwin/64/c++11/libc++/osx-version-min_10.7/third_party/gtest-1.7.0",
					"$(PROJECT_DIR)/External/mongo-cxx-driver/build/darwin/64/c++11/libc++/osx-version-min_10.7/third_party",
					"$(PROJECT_DIR)/External/mongo-cxx-driver/build/darwin/64/mongo",
					"$(PROJECT_DIR)/External/mongo-cxx-driver/build/darwin/64/third_party/gtest-1.7.0",
					"$(PROJECT_DIR)/External/mongo-cxx-driver/build/darwin/64/third_party",
					"$(PROJECT_DIR)/External/mongo-cxx-driver/build/darwin/normal",
					"$(PROJECT_DIR)/External/mongo-cxx-driver/build/darwin/normal/mongo",
					"$(PROJECT_DIR)/External/mongo-cxx-driver/build/darwin/normal/third_party/gtest-1.7.0",
					"$(PROJECT_DIR)/External/mongo-cxx-driver/build/darwin/normal/third_party",
					"$(PROJECT_DIR)/External/mongo-cxx-driver",
					"$(PROJECT_DIR)/External/mongo-cxx-driver/sharedclient",
					"$(PROJECT_DIR)/Pods/build/Debug",
				);
				PRODUCT_NAME = "$(TARGET_NAME)";
				WRAPPER_EXTENSION = app;
			};
			name = Debug;
		};
		E9258D8418EE424600564355 /* Release */ = {
			isa = XCBuildConfiguration;
			baseConfigurationReference = ABB0700885DC4ABA993CDE74 /* Pods.xcconfig */;
			buildSettings = {
				ALWAYS_SEARCH_USER_PATHS = YES;
				ASSETCATALOG_COMPILER_APPICON_NAME = AppIcon;
				CLANG_WARN_CONSTANT_CONVERSION = NO;
				COMBINE_HIDPI_IMAGES = YES;
				FRAMEWORK_SEARCH_PATHS = (
					"\"$(SRCROOT)/External/Fragaria/build/$(CONFIGURATION)\"",
					"$(SRCROOT)/External/MMTabBarView/MMTabBarView/build/$(CONFIGURATION)",
				);
				GCC_PRECOMPILE_PREFIX_HEADER = YES;
				GCC_PREFIX_HEADER = "Mango-Prefix.pch";
				GCC_WARN_64_TO_32_BIT_CONVERSION = NO;
				HEADER_SEARCH_PATHS = (
					"\"$(SRCROOT)/External/mongo-cxx-driver/src\"",
					"$(inherited)",
					/Applications/Xcode.app/Contents/Developer/Toolchains/XcodeDefault.xctoolchain/usr/include,
					/usr/local/Cellar/boost/1.53.0/include/,
				);
				INFOPLIST_FILE = "Mango-Info.plist";
				LIBRARY_SEARCH_PATHS = (
					"$(inherited)",
					"$(PROJECT_DIR)/External/**",
					"/usr/local/lib/**",
					"$(PROJECT_DIR)/External",
					"$(PROJECT_DIR)/External",
					"$(PROJECT_DIR)/External/mongo-cxx-driver/build/darwin/64/c++11/libc++/osx-version-min_10.7/mongo",
					"$(PROJECT_DIR)/External/mongo-cxx-driver/build/darwin/64/c++11/libc++/osx-version-min_10.7/third_party/gtest-1.7.0",
					"$(PROJECT_DIR)/External/mongo-cxx-driver/build/darwin/64/c++11/libc++/osx-version-min_10.7/third_party",
					"$(PROJECT_DIR)/External/mongo-cxx-driver/build/darwin/64/mongo",
					"$(PROJECT_DIR)/External/mongo-cxx-driver/build/darwin/64/third_party/gtest-1.7.0",
					"$(PROJECT_DIR)/External/mongo-cxx-driver/build/darwin/64/third_party",
					"$(PROJECT_DIR)/External/mongo-cxx-driver/build/darwin/normal",
					"$(PROJECT_DIR)/External/mongo-cxx-driver/build/darwin/normal/mongo",
					"$(PROJECT_DIR)/External/mongo-cxx-driver/build/darwin/normal/third_party/gtest-1.7.0",
					"$(PROJECT_DIR)/External/mongo-cxx-driver/build/darwin/normal/third_party",
					"$(PROJECT_DIR)/External/mongo-cxx-driver",
					"$(PROJECT_DIR)/External/mongo-cxx-driver/sharedclient",
					"$(PROJECT_DIR)/Pods/build/Debug",
				);
				PRODUCT_NAME = "$(TARGET_NAME)";
				WRAPPER_EXTENSION = app;
			};
			name = Release;
		};
		E9258D8618EE424600564355 /* Debug */ = {
			isa = XCBuildConfiguration;
			buildSettings = {
				BUNDLE_LOADER = "$(BUILT_PRODUCTS_DIR)/Mango.app/Contents/MacOS/Mango";
				COMBINE_HIDPI_IMAGES = YES;
				FRAMEWORK_SEARCH_PATHS = (
					"$(DEVELOPER_FRAMEWORKS_DIR)",
					"$(inherited)",
				);
				GCC_PRECOMPILE_PREFIX_HEADER = YES;
				GCC_PREFIX_HEADER = "Mango-Prefix.pch";
				GCC_PREPROCESSOR_DEFINITIONS = (
					"DEBUG=1",
					"$(inherited)",
				);
				INFOPLIST_FILE = "MangoTests/MangoTests-Info.plist";
				LIBRARY_SEARCH_PATHS = (
					"$(inherited)",
					"$(PROJECT_DIR)/External",
					"$(PROJECT_DIR)/External",
				);
				PRODUCT_NAME = "$(TARGET_NAME)";
				TEST_HOST = "$(BUNDLE_LOADER)";
				WRAPPER_EXTENSION = xctest;
			};
			name = Debug;
		};
		E9258D8718EE424600564355 /* Release */ = {
			isa = XCBuildConfiguration;
			buildSettings = {
				BUNDLE_LOADER = "$(BUILT_PRODUCTS_DIR)/Mango.app/Contents/MacOS/Mango";
				COMBINE_HIDPI_IMAGES = YES;
				FRAMEWORK_SEARCH_PATHS = (
					"$(DEVELOPER_FRAMEWORKS_DIR)",
					"$(inherited)",
				);
				GCC_PRECOMPILE_PREFIX_HEADER = YES;
				GCC_PREFIX_HEADER = "Mango-Prefix.pch";
				INFOPLIST_FILE = "MangoTests/MangoTests-Info.plist";
				LIBRARY_SEARCH_PATHS = (
					"$(inherited)",
					"$(PROJECT_DIR)/External",
					"$(PROJECT_DIR)/External",
				);
				PRODUCT_NAME = "$(TARGET_NAME)";
				TEST_HOST = "$(BUNDLE_LOADER)";
				WRAPPER_EXTENSION = xctest;
			};
			name = Release;
		};
/* End XCBuildConfiguration section */

/* Begin XCConfigurationList section */
		E9258D4C18EE424500564355 /* Build configuration list for PBXProject "Mango" */ = {
			isa = XCConfigurationList;
			buildConfigurations = (
				E9258D8018EE424600564355 /* Debug */,
				E9258D8118EE424600564355 /* Release */,
			);
			defaultConfigurationIsVisible = 0;
			defaultConfigurationName = Release;
		};
		E9258D8218EE424600564355 /* Build configuration list for PBXNativeTarget "Mango" */ = {
			isa = XCConfigurationList;
			buildConfigurations = (
				E9258D8318EE424600564355 /* Debug */,
				E9258D8418EE424600564355 /* Release */,
			);
			defaultConfigurationIsVisible = 0;
			defaultConfigurationName = Release;
		};
		E9258D8518EE424600564355 /* Build configuration list for PBXNativeTarget "MangoTests" */ = {
			isa = XCConfigurationList;
			buildConfigurations = (
				E9258D8618EE424600564355 /* Debug */,
				E9258D8718EE424600564355 /* Release */,
			);
			defaultConfigurationIsVisible = 0;
			defaultConfigurationName = Release;
		};
/* End XCConfigurationList section */
	};
	rootObject = E9258D4918EE424500564355 /* Project object */;
}
