// !$*UTF8*$!
{
	archiveVersion = 1;
	classes = {
	};
	objectVersion = 46;
	objects = {

/* Begin PBXBuildFile section */
		E9258D5518EE424600564355 /* Cocoa.framework in Frameworks */ = {isa = PBXBuildFile; fileRef = E9258D5418EE424600564355 /* Cocoa.framework */; };
		E9258D6118EE424600564355 /* main.m in Sources */ = {isa = PBXBuildFile; fileRef = E9258D6018EE424600564355 /* main.m */; };
		E9258D6518EE424600564355 /* Credits.rtf in Resources */ = {isa = PBXBuildFile; fileRef = E9258D6318EE424600564355 /* Credits.rtf */; };
		E9258D6D18EE424600564355 /* Images.xcassets in Resources */ = {isa = PBXBuildFile; fileRef = E9258D6C18EE424600564355 /* Images.xcassets */; };
		E9258D7418EE424600564355 /* XCTest.framework in Frameworks */ = {isa = PBXBuildFile; fileRef = E9258D7318EE424600564355 /* XCTest.framework */; };
		E9258D7518EE424600564355 /* Cocoa.framework in Frameworks */ = {isa = PBXBuildFile; fileRef = E9258D5418EE424600564355 /* Cocoa.framework */; };
		E9258D7D18EE424600564355 /* InfoPlist.strings in Resources */ = {isa = PBXBuildFile; fileRef = E9258D7B18EE424600564355 /* InfoPlist.strings */; };
		E9258D7F18EE424600564355 /* MangoTests.m in Sources */ = {isa = PBXBuildFile; fileRef = E9258D7E18EE424600564355 /* MangoTests.m */; };
		E92593CF18EE7F9C00564355 /* MangoAppDelegate.mm in Sources */ = {isa = PBXBuildFile; fileRef = E9258D6718EE424600564355 /* MangoAppDelegate.mm */; };
		E92593D018EE7F9E00564355 /* MangoConnectionManager.mm in Sources */ = {isa = PBXBuildFile; fileRef = E92590C818EE7AAA00564355 /* MangoConnectionManager.mm */; };
		E943649F18EF81760076B9A5 /* MangoWindowController.mm in Sources */ = {isa = PBXBuildFile; fileRef = E943649E18EF81760076B9A5 /* MangoWindowController.mm */; };
		E94364A218EF82500076B9A5 /* MangoWindow.xib in Resources */ = {isa = PBXBuildFile; fileRef = E94364A118EF82500076B9A5 /* MangoWindow.xib */; };
		E94364A418EFAED10076B9A5 /* AboutWindow.xib in Resources */ = {isa = PBXBuildFile; fileRef = E94364A318EFAED10076B9A5 /* AboutWindow.xib */; };
		E94FD28318F4D5900052FB55 /* MangoCollectionListView.m in Sources */ = {isa = PBXBuildFile; fileRef = E94FD28218F4D5900052FB55 /* MangoCollectionListView.m */; };
		E97A0E7918F1C1C000098D55 /* MGSFragaria.framework in Frameworks */ = {isa = PBXBuildFile; fileRef = E92714E318F1A688003EC526 /* MGSFragaria.framework */; };
		E97A0E7B18F1D58100098D55 /* MGSFragaria.framework in Copy Files (2 items) */ = {isa = PBXBuildFile; fileRef = E92714E318F1A688003EC526 /* MGSFragaria.framework */; };
		E97A0E7C18F1D5F800098D55 /* MainMenu.xib in Resources */ = {isa = PBXBuildFile; fileRef = E9258D6918EE424600564355 /* MainMenu.xib */; };
		E98FEC7D18F30D64004AA776 /* GRProKit.framework in Frameworks */ = {isa = PBXBuildFile; fileRef = E98FEC7918F2FDFC004AA776 /* GRProKit.framework */; };
		E98FEC8A18F3192A004AA776 /* libPods.a in Frameworks */ = {isa = PBXBuildFile; fileRef = E98FEC8918F3192A004AA776 /* libPods.a */; };
		E98FEC8B18F31E16004AA776 /* GRProKit.framework in Copy Files (2 items) */ = {isa = PBXBuildFile; fileRef = E98FEC7918F2FDFC004AA776 /* GRProKit.framework */; };
		E99F502B18EF28D7002C149E /* libboost_system.a in Frameworks */ = {isa = PBXBuildFile; fileRef = E99F502A18EF28D7002C149E /* libboost_system.a */; };
		E99F502D18EF28F6002C149E /* libboost_thread-mt.a in Frameworks */ = {isa = PBXBuildFile; fileRef = E99F502C18EF28F6002C149E /* libboost_thread-mt.a */; };
		E9D589D518F0CA3D00F9B333 /* libmongoclient.a in Frameworks */ = {isa = PBXBuildFile; fileRef = E93167DB18F0C011008A4FCE /* libmongoclient.a */; };
		E9F5D3E418F3A44C00083B1F /* MMTabBarView.framework in Frameworks */ = {isa = PBXBuildFile; fileRef = E9F5D3E218F3A43F00083B1F /* MMTabBarView.framework */; };
		E9F5D3E518F3A45100083B1F /* MMTabBarView.framework in Copy Files (2 items) */ = {isa = PBXBuildFile; fileRef = E9F5D3E218F3A43F00083B1F /* MMTabBarView.framework */; };
/* End PBXBuildFile section */

/* Begin PBXContainerItemProxy section */
		E9258D7618EE424600564355 /* PBXContainerItemProxy */ = {
			isa = PBXContainerItemProxy;
			containerPortal = E9258D4918EE424500564355 /* Project object */;
			proxyType = 1;
			remoteGlobalIDString = E9258D5018EE424500564355;
			remoteInfo = Mango;
		};
		E92714DC18F1A688003EC526 /* PBXContainerItemProxy */ = {
			isa = PBXContainerItemProxy;
			containerPortal = E92714D518F1A688003EC526 /* Fragaria.xcodeproj */;
			proxyType = 2;
			remoteGlobalIDString = AB648E2A11FB385700AEF7BD;
			remoteInfo = "Fragaria Doc";
		};
		E92714DE18F1A688003EC526 /* PBXContainerItemProxy */ = {
			isa = PBXContainerItemProxy;
			containerPortal = E92714D518F1A688003EC526 /* Fragaria.xcodeproj */;
			proxyType = 2;
			remoteGlobalIDString = 8D1107320486CEB800E47090;
			remoteInfo = "Fragaria GC";
		};
		E92714E018F1A688003EC526 /* PBXContainerItemProxy */ = {
			isa = PBXContainerItemProxy;
			containerPortal = E92714D518F1A688003EC526 /* Fragaria.xcodeproj */;
			proxyType = 2;
			remoteGlobalIDString = ABCA4DAF16137FC000E4849B;
			remoteInfo = Fragaria;
		};
		E92714E218F1A688003EC526 /* PBXContainerItemProxy */ = {
			isa = PBXContainerItemProxy;
			containerPortal = E92714D518F1A688003EC526 /* Fragaria.xcodeproj */;
			proxyType = 2;
			remoteGlobalIDString = AB69B62B118B745700903D1D;
			remoteInfo = MGSFragaria;
		};
		E93167DA18F0C011008A4FCE /* PBXContainerItemProxy */ = {
			isa = PBXContainerItemProxy;
			containerPortal = E93167D418F0C010008A4FCE /* mongoclient.xcodeproj */;
			proxyType = 2;
			remoteGlobalIDString = E9A1277618EEFE34003E6E30;
			remoteInfo = mongoclient;
		};
		E98FEC7818F2FDFC004AA776 /* PBXContainerItemProxy */ = {
			isa = PBXContainerItemProxy;
			containerPortal = E98FEC7018F2FDFC004AA776 /* GRProKit.xcodeproj */;
			proxyType = 2;
			remoteGlobalIDString = DD7718191822AC7800482CBE;
			remoteInfo = GRProKit;
		};
		E9F5D3E118F3A43F00083B1F /* PBXContainerItemProxy */ = {
			isa = PBXContainerItemProxy;
			containerPortal = E9F5D3D818F3A43F00083B1F /* MMTabBarView.xcodeproj */;
			proxyType = 2;
			remoteGlobalIDString = 06DB23A61609F5830071BDA0;
			remoteInfo = MMTabBarView;
		};
/* End PBXContainerItemProxy section */

/* Begin PBXCopyFilesBuildPhase section */
		E94364B718F09B760076B9A5 /* Copy Files (2 items) */ = {
			isa = PBXCopyFilesBuildPhase;
			buildActionMask = 2147483647;
			dstPath = "";
			dstSubfolderSpec = 10;
			files = (
				E9F5D3E518F3A45100083B1F /* MMTabBarView.framework in Copy Files (2 items) */,
				E98FEC8B18F31E16004AA776 /* GRProKit.framework in Copy Files (2 items) */,
				E97A0E7B18F1D58100098D55 /* MGSFragaria.framework in Copy Files (2 items) */,
			);
			name = "Copy Files (2 items)";
			runOnlyForDeploymentPostprocessing = 0;
		};
/* End PBXCopyFilesBuildPhase section */

/* Begin PBXFileReference section */
		89C8FCE185B94B3E870A57CC /* libPods.a */ = {isa = PBXFileReference; explicitFileType = archive.ar; includeInIndex = 0; path = libPods.a; sourceTree = BUILT_PRODUCTS_DIR; };
		ABB0700885DC4ABA993CDE74 /* Pods.xcconfig */ = {isa = PBXFileReference; includeInIndex = 1; lastKnownFileType = text.xcconfig; name = Pods.xcconfig; path = Pods/Pods.xcconfig; sourceTree = "<group>"; };
		E9258D5118EE424600564355 /* Mango.app */ = {isa = PBXFileReference; explicitFileType = wrapper.application; includeInIndex = 0; path = Mango.app; sourceTree = BUILT_PRODUCTS_DIR; };
		E9258D5418EE424600564355 /* Cocoa.framework */ = {isa = PBXFileReference; lastKnownFileType = wrapper.framework; name = Cocoa.framework; path = System/Library/Frameworks/Cocoa.framework; sourceTree = SDKROOT; };
		E9258D5718EE424600564355 /* AppKit.framework */ = {isa = PBXFileReference; lastKnownFileType = wrapper.framework; name = AppKit.framework; path = System/Library/Frameworks/AppKit.framework; sourceTree = SDKROOT; };
		E9258D5818EE424600564355 /* CoreData.framework */ = {isa = PBXFileReference; lastKnownFileType = wrapper.framework; name = CoreData.framework; path = System/Library/Frameworks/CoreData.framework; sourceTree = SDKROOT; };
		E9258D5918EE424600564355 /* Foundation.framework */ = {isa = PBXFileReference; lastKnownFileType = wrapper.framework; name = Foundation.framework; path = System/Library/Frameworks/Foundation.framework; sourceTree = SDKROOT; };
		E9258D5C18EE424600564355 /* Mango-Info.plist */ = {isa = PBXFileReference; lastKnownFileType = text.plist.xml; name = "Mango-Info.plist"; path = "../Mango-Info.plist"; sourceTree = "<group>"; };
		E9258D5E18EE424600564355 /* en */ = {isa = PBXFileReference; lastKnownFileType = text.plist.strings; name = en; path = en.lproj/InfoPlist.strings; sourceTree = "<group>"; };
		E9258D6018EE424600564355 /* main.m */ = {isa = PBXFileReference; lastKnownFileType = sourcecode.c.objc; name = main.m; path = ../main.m; sourceTree = "<group>"; };
		E9258D6218EE424600564355 /* Mango-Prefix.pch */ = {isa = PBXFileReference; lastKnownFileType = sourcecode.c.h; name = "Mango-Prefix.pch"; path = "../Mango-Prefix.pch"; sourceTree = "<group>"; };
		E9258D6418EE424600564355 /* en */ = {isa = PBXFileReference; lastKnownFileType = text.rtf; name = en; path = en.lproj/Credits.rtf; sourceTree = "<group>"; };
		E9258D6618EE424600564355 /* MangoAppDelegate.h */ = {isa = PBXFileReference; lastKnownFileType = sourcecode.c.h; name = MangoAppDelegate.h; path = ../MangoAppDelegate.h; sourceTree = "<group>"; };
		E9258D6718EE424600564355 /* MangoAppDelegate.mm */ = {isa = PBXFileReference; lastKnownFileType = sourcecode.cpp.objcpp; name = MangoAppDelegate.mm; path = ../MangoAppDelegate.mm; sourceTree = "<group>"; };
		E9258D6A18EE424600564355 /* Base */ = {isa = PBXFileReference; lastKnownFileType = file.xib; name = Base; path = Base.lproj/MainMenu.xib; sourceTree = "<group>"; };
		E9258D6C18EE424600564355 /* Images.xcassets */ = {isa = PBXFileReference; lastKnownFileType = folder.assetcatalog; name = Images.xcassets; path = ../Images.xcassets; sourceTree = "<group>"; };
		E9258D7218EE424600564355 /* MangoTests.xctest */ = {isa = PBXFileReference; explicitFileType = wrapper.cfbundle; includeInIndex = 0; path = MangoTests.xctest; sourceTree = BUILT_PRODUCTS_DIR; };
		E9258D7318EE424600564355 /* XCTest.framework */ = {isa = PBXFileReference; lastKnownFileType = wrapper.framework; name = XCTest.framework; path = Library/Frameworks/XCTest.framework; sourceTree = DEVELOPER_DIR; };
		E9258D7A18EE424600564355 /* MangoTests-Info.plist */ = {isa = PBXFileReference; lastKnownFileType = text.plist.xml; path = "MangoTests-Info.plist"; sourceTree = "<group>"; };
		E9258D7C18EE424600564355 /* en */ = {isa = PBXFileReference; lastKnownFileType = text.plist.strings; name = en; path = en.lproj/InfoPlist.strings; sourceTree = "<group>"; };
		E9258D7E18EE424600564355 /* MangoTests.m */ = {isa = PBXFileReference; lastKnownFileType = sourcecode.c.objc; path = MangoTests.m; sourceTree = "<group>"; };
		E92590C718EE7AAA00564355 /* MangoConnectionManager.h */ = {isa = PBXFileReference; fileEncoding = 4; lastKnownFileType = sourcecode.c.h; name = MangoConnectionManager.h; path = ../MangoConnectionManager.h; sourceTree = "<group>"; };
		E92590C818EE7AAA00564355 /* MangoConnectionManager.mm */ = {isa = PBXFileReference; fileEncoding = 4; lastKnownFileType = sourcecode.cpp.objcpp; name = MangoConnectionManager.mm; path = ../MangoConnectionManager.mm; sourceTree = "<group>"; };
		E92714D518F1A688003EC526 /* Fragaria.xcodeproj */ = {isa = PBXFileReference; lastKnownFileType = "wrapper.pb-project"; name = Fragaria.xcodeproj; path = External/Fragaria/Fragaria.xcodeproj; sourceTree = SOURCE_ROOT; };
		E93167D418F0C010008A4FCE /* mongoclient.xcodeproj */ = {isa = PBXFileReference; lastKnownFileType = "wrapper.pb-project"; name = mongoclient.xcodeproj; path = "External/mongo-cxx-driver/mongoclient.xcodeproj"; sourceTree = SOURCE_ROOT; };
		E943649D18EF81760076B9A5 /* MangoWindowController.h */ = {isa = PBXFileReference; fileEncoding = 4; lastKnownFileType = sourcecode.c.h; path = MangoWindowController.h; sourceTree = SOURCE_ROOT; };
		E943649E18EF81760076B9A5 /* MangoWindowController.mm */ = {isa = PBXFileReference; fileEncoding = 4; lastKnownFileType = sourcecode.cpp.objcpp; path = MangoWindowController.mm; sourceTree = SOURCE_ROOT; };
		E94364A118EF82500076B9A5 /* MangoWindow.xib */ = {isa = PBXFileReference; fileEncoding = 4; lastKnownFileType = file.xib; path = MangoWindow.xib; sourceTree = SOURCE_ROOT; };
		E94364A318EFAED10076B9A5 /* AboutWindow.xib */ = {isa = PBXFileReference; fileEncoding = 4; lastKnownFileType = file.xib; name = AboutWindow.xib; path = ../AboutWindow.xib; sourceTree = "<group>"; };
		E94FD28118F4D5900052FB55 /* MangoCollectionListView.h */ = {isa = PBXFileReference; fileEncoding = 4; lastKnownFileType = sourcecode.c.h; path = MangoCollectionListView.h; sourceTree = "<group>"; };
		E94FD28218F4D5900052FB55 /* MangoCollectionListView.m */ = {isa = PBXFileReference; fileEncoding = 4; lastKnownFileType = sourcecode.c.objc; path = MangoCollectionListView.m; sourceTree = "<group>"; };
		E98FEC7018F2FDFC004AA776 /* GRProKit.xcodeproj */ = {isa = PBXFileReference; lastKnownFileType = "wrapper.pb-project"; name = GRProKit.xcodeproj; path = External/GRProKit/GRProKit/GRProKit.xcodeproj; sourceTree = SOURCE_ROOT; };
		E98FEC8918F3192A004AA776 /* libPods.a */ = {isa = PBXFileReference; lastKnownFileType = archive.ar; name = libPods.a; path = Pods/build/Debug/libPods.a; sourceTree = "<group>"; };
		E99F502A18EF28D7002C149E /* libboost_system.a */ = {isa = PBXFileReference; lastKnownFileType = archive.ar; name = libboost_system.a; path = External/libboost_system.a; sourceTree = "<group>"; };
		E99F502C18EF28F6002C149E /* libboost_thread-mt.a */ = {isa = PBXFileReference; lastKnownFileType = archive.ar; name = "libboost_thread-mt.a"; path = "External/libboost_thread-mt.a"; sourceTree = "<group>"; };
		E9F5D3D818F3A43F00083B1F /* MMTabBarView.xcodeproj */ = {isa = PBXFileReference; lastKnownFileType = "wrapper.pb-project"; name = MMTabBarView.xcodeproj; path = External/MMTabBarView/MMTabBarView/MMTabBarView.xcodeproj; sourceTree = SOURCE_ROOT; };
/* End PBXFileReference section */

/* Begin PBXFrameworksBuildPhase section */
		E9258D4E18EE424500564355 /* Frameworks */ = {
			isa = PBXFrameworksBuildPhase;
			buildActionMask = 2147483647;
			files = (
				E9F5D3E418F3A44C00083B1F /* MMTabBarView.framework in Frameworks */,
				E98FEC8A18F3192A004AA776 /* libPods.a in Frameworks */,
				E98FEC7D18F30D64004AA776 /* GRProKit.framework in Frameworks */,
				E97A0E7918F1C1C000098D55 /* MGSFragaria.framework in Frameworks */,
				E9D589D518F0CA3D00F9B333 /* libmongoclient.a in Frameworks */,
				E99F502D18EF28F6002C149E /* libboost_thread-mt.a in Frameworks */,
				E99F502B18EF28D7002C149E /* libboost_system.a in Frameworks */,
				E9258D5518EE424600564355 /* Cocoa.framework in Frameworks */,
			);
			runOnlyForDeploymentPostprocessing = 0;
		};
		E9258D6F18EE424600564355 /* Frameworks */ = {
			isa = PBXFrameworksBuildPhase;
			buildActionMask = 2147483647;
			files = (
				E9258D7518EE424600564355 /* Cocoa.framework in Frameworks */,
				E9258D7418EE424600564355 /* XCTest.framework in Frameworks */,
			);
			runOnlyForDeploymentPostprocessing = 0;
		};
/* End PBXFrameworksBuildPhase section */

/* Begin PBXGroup section */
		E9258D4818EE424500564355 = {
			isa = PBXGroup;
			children = (
				E9258D5A18EE424600564355 /* Mango */,
				E9258D7818EE424600564355 /* MangoTests */,
				E9258D5318EE424600564355 /* Frameworks */,
				E9258D5218EE424600564355 /* Products */,
				ABB0700885DC4ABA993CDE74 /* Pods.xcconfig */,
			);
			sourceTree = "<group>";
		};
		E9258D5218EE424600564355 /* Products */ = {
			isa = PBXGroup;
			children = (
				E9258D5118EE424600564355 /* Mango.app */,
				E9258D7218EE424600564355 /* MangoTests.xctest */,
			);
			name = Products;
			sourceTree = "<group>";
		};
		E9258D5318EE424600564355 /* Frameworks */ = {
			isa = PBXGroup;
			children = (
				E98FEC8918F3192A004AA776 /* libPods.a */,
				E99F502C18EF28F6002C149E /* libboost_thread-mt.a */,
				E99F502A18EF28D7002C149E /* libboost_system.a */,
				E9258D5418EE424600564355 /* Cocoa.framework */,
				E9258D7318EE424600564355 /* XCTest.framework */,
				E9258D5618EE424600564355 /* Other Frameworks */,
				89C8FCE185B94B3E870A57CC /* libPods.a */,
			);
			name = Frameworks;
			sourceTree = "<group>";
		};
		E9258D5618EE424600564355 /* Other Frameworks */ = {
			isa = PBXGroup;
			children = (
				E9258D5718EE424600564355 /* AppKit.framework */,
				E9258D5818EE424600564355 /* CoreData.framework */,
				E9258D5918EE424600564355 /* Foundation.framework */,
			);
			name = "Other Frameworks";
			sourceTree = "<group>";
		};
		E9258D5A18EE424600564355 /* Mango */ = {
			isa = PBXGroup;
			children = (
				E94FD28B18F4D5A00052FB55 /* MangoWindow */,
				E9258D8F18EE623F00564355 /* External */,
				E9258D6618EE424600564355 /* MangoAppDelegate.h */,
				E9258D6718EE424600564355 /* MangoAppDelegate.mm */,
				E9258D6918EE424600564355 /* MainMenu.xib */,
				E92590C418EE62FF00564355 /* ConnectionWindow */,
				E9258D6C18EE424600564355 /* Images.xcassets */,
				E9258D5B18EE424600564355 /* Supporting Files */,
			);
			path = Mango;
			sourceTree = "<group>";
		};
		E9258D5B18EE424600564355 /* Supporting Files */ = {
			isa = PBXGroup;
			children = (
				E9258D5C18EE424600564355 /* Mango-Info.plist */,
				E9258D5D18EE424600564355 /* InfoPlist.strings */,
				E9258D6018EE424600564355 /* main.m */,
				E9258D6218EE424600564355 /* Mango-Prefix.pch */,
				E9258D6318EE424600564355 /* Credits.rtf */,
			);
			name = "Supporting Files";
			sourceTree = "<group>";
		};
		E9258D7818EE424600564355 /* MangoTests */ = {
			isa = PBXGroup;
			children = (
				E9258D7E18EE424600564355 /* MangoTests.m */,
				E9258D7918EE424600564355 /* Supporting Files */,
			);
			path = MangoTests;
			sourceTree = "<group>";
		};
		E9258D7918EE424600564355 /* Supporting Files */ = {
			isa = PBXGroup;
			children = (
				E9258D7A18EE424600564355 /* MangoTests-Info.plist */,
				E9258D7B18EE424600564355 /* InfoPlist.strings */,
			);
			name = "Supporting Files";
			sourceTree = "<group>";
		};
		E9258D8F18EE623F00564355 /* External */ = {
			isa = PBXGroup;
			children = (
				E9F5D3D818F3A43F00083B1F /* MMTabBarView.xcodeproj */,
				E98FEC7018F2FDFC004AA776 /* GRProKit.xcodeproj */,
				E92714D518F1A688003EC526 /* Fragaria.xcodeproj */,
				E93167D418F0C010008A4FCE /* mongoclient.xcodeproj */,
			);
			path = External;
			sourceTree = "<group>";
		};
		E92590C418EE62FF00564355 /* ConnectionWindow */ = {
			isa = PBXGroup;
			children = (
				E94364A318EFAED10076B9A5 /* AboutWindow.xib */,
				E92590C718EE7AAA00564355 /* MangoConnectionManager.h */,
				E92590C818EE7AAA00564355 /* MangoConnectionManager.mm */,
			);
			name = ConnectionWindow;
			sourceTree = "<group>";
		};
		E92714D618F1A688003EC526 /* Products */ = {
			isa = PBXGroup;
			children = (
				E92714DD18F1A688003EC526 /* Fragaria Doc.app */,
				E92714DF18F1A688003EC526 /* Fragaria GC.app */,
				E92714E118F1A688003EC526 /* Fragaria.app */,
				E92714E318F1A688003EC526 /* MGSFragaria.framework */,
			);
			name = Products;
			sourceTree = "<group>";
		};
		E93167D518F0C010008A4FCE /* Products */ = {
			isa = PBXGroup;
			children = (
				E93167DB18F0C011008A4FCE /* libmongoclient.a */,
			);
			name = Products;
			sourceTree = "<group>";
		};
		E94FD28B18F4D5A00052FB55 /* MangoWindow */ = {
			isa = PBXGroup;
			children = (
				E94FD28C18F4D6230052FB55 /* CollectionList */,
				E943649D18EF81760076B9A5 /* MangoWindowController.h */,
				E943649E18EF81760076B9A5 /* MangoWindowController.mm */,
				E94364A118EF82500076B9A5 /* MangoWindow.xib */,
			);
			name = MangoWindow;
			sourceTree = "<group>";
		};
		E94FD28C18F4D6230052FB55 /* CollectionList */ = {
			isa = PBXGroup;
			children = (
				E94FD28118F4D5900052FB55 /* MangoCollectionListView.h */,
				E94FD28218F4D5900052FB55 /* MangoCollectionListView.m */,
			);
			name = CollectionList;
			sourceTree = "<group>";
		};
		E98FEC7118F2FDFC004AA776 /* Products */ = {
			isa = PBXGroup;
			children = (
				E98FEC7918F2FDFC004AA776 /* GRProKit.framework */,
			);
			name = Products;
			sourceTree = "<group>";
		};
		E9F5D3D918F3A43F00083B1F /* Products */ = {
			isa = PBXGroup;
			children = (
				E9F5D3E218F3A43F00083B1F /* MMTabBarView.framework */,
			);
			name = Products;
			sourceTree = "<group>";
		};
/* End PBXGroup section */

/* Begin PBXNativeTarget section */
		E9258D5018EE424500564355 /* Mango */ = {
			isa = PBXNativeTarget;
			buildConfigurationList = E9258D8218EE424600564355 /* Build configuration list for PBXNativeTarget "Mango" */;
			buildPhases = (
				9F75F91A952E4D87A3EB0535 /* Check Pods Manifest.lock */,
				E9258D4D18EE424500564355 /* Sources */,
				E9258D4E18EE424500564355 /* Frameworks */,
				E9258D4F18EE424500564355 /* Resources */,
				E94364B718F09B760076B9A5 /* Copy Files (2 items) */,
				D87976A67CF5491DA93A322E /* Copy Pods Resources */,
			);
			buildRules = (
			);
			dependencies = (
			);
			name = Mango;
			productName = Mango;
			productReference = E9258D5118EE424600564355 /* Mango.app */;
			productType = "com.apple.product-type.application";
		};
		E9258D7118EE424600564355 /* MangoTests */ = {
			isa = PBXNativeTarget;
			buildConfigurationList = E9258D8518EE424600564355 /* Build configuration list for PBXNativeTarget "MangoTests" */;
			buildPhases = (
				E9258D6E18EE424600564355 /* Sources */,
				E9258D6F18EE424600564355 /* Frameworks */,
				E9258D7018EE424600564355 /* Resources */,
			);
			buildRules = (
			);
			dependencies = (
				E9258D7718EE424600564355 /* PBXTargetDependency */,
			);
			name = MangoTests;
			productName = MangoTests;
			productReference = E9258D7218EE424600564355 /* MangoTests.xctest */;
			productType = "com.apple.product-type.bundle.unit-test";
		};
/* End PBXNativeTarget section */

/* Begin PBXProject section */
		E9258D4918EE424500564355 /* Project object */ = {
			isa = PBXProject;
			attributes = {
				CLASSPREFIX = Mango;
				LastUpgradeCheck = 0510;
				ORGANIZATIONNAME = "Juan Carlos Moreno";
				TargetAttributes = {
					E9258D7118EE424600564355 = {
						TestTargetID = E9258D5018EE424500564355;
					};
				};
			};
			buildConfigurationList = E9258D4C18EE424500564355 /* Build configuration list for PBXProject "Mango" */;
			compatibilityVersion = "Xcode 3.2";
			developmentRegion = English;
			hasScannedForEncodings = 0;
			knownRegions = (
				en,
				Base,
			);
			mainGroup = E9258D4818EE424500564355;
			productRefGroup = E9258D5218EE424600564355 /* Products */;
			projectDirPath = "";
			projectReferences = (
				{
					ProductGroup = E92714D618F1A688003EC526 /* Products */;
					ProjectRef = E92714D518F1A688003EC526 /* Fragaria.xcodeproj */;
				},
				{
					ProductGroup = E98FEC7118F2FDFC004AA776 /* Products */;
					ProjectRef = E98FEC7018F2FDFC004AA776 /* GRProKit.xcodeproj */;
				},
				{
					ProductGroup = E9F5D3D918F3A43F00083B1F /* Products */;
					ProjectRef = E9F5D3D818F3A43F00083B1F /* MMTabBarView.xcodeproj */;
				},
				{
					ProductGroup = E93167D518F0C010008A4FCE /* Products */;
					ProjectRef = E93167D418F0C010008A4FCE /* mongoclient.xcodeproj */;
				},
			);
			projectRoot = "";
			targets = (
				E9258D5018EE424500564355 /* Mango */,
				E9258D7118EE424600564355 /* MangoTests */,
			);
		};
/* End PBXProject section */

/* Begin PBXReferenceProxy section */
		E92714DD18F1A688003EC526 /* Fragaria Doc.app */ = {
			isa = PBXReferenceProxy;
			fileType = wrapper.application;
			path = "Fragaria Doc.app";
			remoteRef = E92714DC18F1A688003EC526 /* PBXContainerItemProxy */;
			sourceTree = BUILT_PRODUCTS_DIR;
		};
		E92714DF18F1A688003EC526 /* Fragaria GC.app */ = {
			isa = PBXReferenceProxy;
			fileType = wrapper.application;
			path = "Fragaria GC.app";
			remoteRef = E92714DE18F1A688003EC526 /* PBXContainerItemProxy */;
			sourceTree = BUILT_PRODUCTS_DIR;
		};
		E92714E118F1A688003EC526 /* Fragaria.app */ = {
			isa = PBXReferenceProxy;
			fileType = wrapper.application;
			path = Fragaria.app;
			remoteRef = E92714E018F1A688003EC526 /* PBXContainerItemProxy */;
			sourceTree = BUILT_PRODUCTS_DIR;
		};
		E92714E318F1A688003EC526 /* MGSFragaria.framework */ = {
			isa = PBXReferenceProxy;
			fileType = wrapper.framework;
			path = MGSFragaria.framework;
			remoteRef = E92714E218F1A688003EC526 /* PBXContainerItemProxy */;
			sourceTree = BUILT_PRODUCTS_DIR;
		};
		E93167DB18F0C011008A4FCE /* libmongoclient.a */ = {
			isa = PBXReferenceProxy;
			fileType = archive.ar;
			path = libmongoclient.a;
			remoteRef = E93167DA18F0C011008A4FCE /* PBXContainerItemProxy */;
			sourceTree = BUILT_PRODUCTS_DIR;
		};
		E98FEC7918F2FDFC004AA776 /* GRProKit.framework */ = {
			isa = PBXReferenceProxy;
			fileType = wrapper.framework;
			path = GRProKit.framework;
			remoteRef = E98FEC7818F2FDFC004AA776 /* PBXContainerItemProxy */;
			sourceTree = BUILT_PRODUCTS_DIR;
		};
		E9F5D3E218F3A43F00083B1F /* MMTabBarView.framework */ = {
			isa = PBXReferenceProxy;
			fileType = wrapper.framework;
			path = MMTabBarView.framework;
			remoteRef = E9F5D3E118F3A43F00083B1F /* PBXContainerItemProxy */;
			sourceTree = BUILT_PRODUCTS_DIR;
		};
/* End PBXReferenceProxy section */

/* Begin PBXResourcesBuildPhase section */
		E9258D4F18EE424500564355 /* Resources */ = {
			isa = PBXResourcesBuildPhase;
			buildActionMask = 2147483647;
			files = (
				E97A0E7C18F1D5F800098D55 /* MainMenu.xib in Resources */,
				E94364A218EF82500076B9A5 /* MangoWindow.xib in Resources */,
				E94364A418EFAED10076B9A5 /* AboutWindow.xib in Resources */,
				E9258D6D18EE424600564355 /* Images.xcassets in Resources */,
				E9258D6518EE424600564355 /* Credits.rtf in Resources */,
			);
			runOnlyForDeploymentPostprocessing = 0;
		};
		E9258D7018EE424600564355 /* Resources */ = {
			isa = PBXResourcesBuildPhase;
			buildActionMask = 2147483647;
			files = (
				E9258D7D18EE424600564355 /* InfoPlist.strings in Resources */,
			);
			runOnlyForDeploymentPostprocessing = 0;
		};
/* End PBXResourcesBuildPhase section */

/* Begin PBXShellScriptBuildPhase section */
		9F75F91A952E4D87A3EB0535 /* Check Pods Manifest.lock */ = {
			isa = PBXShellScriptBuildPhase;
			buildActionMask = 2147483647;
			files = (
			);
			inputPaths = (
			);
			name = "Check Pods Manifest.lock";
			outputPaths = (
			);
			runOnlyForDeploymentPostprocessing = 0;
			shellPath = /bin/sh;
			shellScript = "diff \"${PODS_ROOT}/../Podfile.lock\" \"${PODS_ROOT}/Manifest.lock\" > /dev/null\nif [[ $? != 0 ]] ; then\n    cat << EOM\nerror: The sandbox is not in sync with the Podfile.lock. Run 'pod install' or update your CocoaPods installation.\nEOM\n    exit 1\nfi\n";
			showEnvVarsInLog = 0;
		};
		D87976A67CF5491DA93A322E /* Copy Pods Resources */ = {
			isa = PBXShellScriptBuildPhase;
			buildActionMask = 2147483647;
			files = (
			);
			inputPaths = (
			);
			name = "Copy Pods Resources";
			outputPaths = (
			);
			runOnlyForDeploymentPostprocessing = 0;
			shellPath = /bin/sh;
			shellScript = "\"${SRCROOT}/Pods/Pods-resources.sh\"\n";
			showEnvVarsInLog = 0;
		};
/* End PBXShellScriptBuildPhase section */

/* Begin PBXSourcesBuildPhase section */
		E9258D4D18EE424500564355 /* Sources */ = {
			isa = PBXSourcesBuildPhase;
			buildActionMask = 2147483647;
			files = (
				E9258D6118EE424600564355 /* main.m in Sources */,
				E92593CF18EE7F9C00564355 /* MangoAppDelegate.mm in Sources */,
				E943649F18EF81760076B9A5 /* MangoWindowController.mm in Sources */,
				E94FD28318F4D5900052FB55 /* MangoCollectionListView.m in Sources */,
				E92593D018EE7F9E00564355 /* MangoConnectionManager.mm in Sources */,
			);
			runOnlyForDeploymentPostprocessing = 0;
		};
		E9258D6E18EE424600564355 /* Sources */ = {
			isa = PBXSourcesBuildPhase;
			buildActionMask = 2147483647;
			files = (
				E9258D7F18EE424600564355 /* MangoTests.m in Sources */,
			);
			runOnlyForDeploymentPostprocessing = 0;
		};
/* End PBXSourcesBuildPhase section */

/* Begin PBXTargetDependency section */
		E9258D7718EE424600564355 /* PBXTargetDependency */ = {
			isa = PBXTargetDependency;
			target = E9258D5018EE424500564355 /* Mango */;
			targetProxy = E9258D7618EE424600564355 /* PBXContainerItemProxy */;
		};
/* End PBXTargetDependency section */

/* Begin PBXVariantGroup section */
		E9258D5D18EE424600564355 /* InfoPlist.strings */ = {
			isa = PBXVariantGroup;
			children = (
				E9258D5E18EE424600564355 /* en */,
			);
			name = InfoPlist.strings;
			path = ..;
			sourceTree = "<group>";
		};
		E9258D6318EE424600564355 /* Credits.rtf */ = {
			isa = PBXVariantGroup;
			children = (
				E9258D6418EE424600564355 /* en */,
			);
			name = Credits.rtf;
			path = ..;
			sourceTree = "<group>";
		};
		E9258D6918EE424600564355 /* MainMenu.xib */ = {
			isa = PBXVariantGroup;
			children = (
				E9258D6A18EE424600564355 /* Base */,
			);
			name = MainMenu.xib;
			path = ..;
			sourceTree = "<group>";
		};
		E9258D7B18EE424600564355 /* InfoPlist.strings */ = {
			isa = PBXVariantGroup;
			children = (
				E9258D7C18EE424600564355 /* en */,
			);
			name = InfoPlist.strings;
			sourceTree = "<group>";
		};
/* End PBXVariantGroup section */

/* Begin XCBuildConfiguration section */
		E9258D8018EE424600564355 /* Debug */ = {
			isa = XCBuildConfiguration;
			buildSettings = {
				ALWAYS_SEARCH_USER_PATHS = NO;
				ASSETCATALOG_COMPILER_APPICON_NAME = "";
				CLANG_CXX_LANGUAGE_STANDARD = "gnu++0x";
				CLANG_CXX_LIBRARY = "libc++";
				CLANG_ENABLE_MODULES = YES;
				CLANG_ENABLE_OBJC_ARC = YES;
				CLANG_WARN_BOOL_CONVERSION = YES;
				CLANG_WARN_CONSTANT_CONVERSION = YES;
				CLANG_WARN_DIRECT_OBJC_ISA_USAGE = YES_ERROR;
				CLANG_WARN_EMPTY_BODY = YES;
				CLANG_WARN_ENUM_CONVERSION = YES;
				CLANG_WARN_INT_CONVERSION = YES;
				CLANG_WARN_OBJC_ROOT_CLASS = YES_ERROR;
				CLANG_WARN__DUPLICATE_METHOD_MATCH = YES;
				COPY_PHASE_STRIP = NO;
				GCC_C_LANGUAGE_STANDARD = gnu99;
				GCC_DYNAMIC_NO_PIC = NO;
				GCC_ENABLE_OBJC_EXCEPTIONS = YES;
				GCC_OPTIMIZATION_LEVEL = 0;
				GCC_PREPROCESSOR_DEFINITIONS = (
					"DEBUG=1",
					"$(inherited)",
				);
				GCC_SYMBOLS_PRIVATE_EXTERN = NO;
				GCC_WARN_64_TO_32_BIT_CONVERSION = YES;
				GCC_WARN_ABOUT_RETURN_TYPE = YES_ERROR;
				GCC_WARN_UNDECLARED_SELECTOR = YES;
				GCC_WARN_UNINITIALIZED_AUTOS = YES_AGGRESSIVE;
				GCC_WARN_UNUSED_FUNCTION = YES;
				GCC_WARN_UNUSED_VARIABLE = YES;
				INFOPLIST_FILE = "Mango-Info.plist";
				MACOSX_DEPLOYMENT_TARGET = 10.9;
				ONLY_ACTIVE_ARCH = YES;
				SDKROOT = macosx;
			};
			name = Debug;
		};
		E9258D8118EE424600564355 /* Release */ = {
			isa = XCBuildConfiguration;
			buildSettings = {
				ALWAYS_SEARCH_USER_PATHS = NO;
				ASSETCATALOG_COMPILER_APPICON_NAME = "";
				CLANG_CXX_LANGUAGE_STANDARD = "gnu++0x";
				CLANG_CXX_LIBRARY = "libc++";
				CLANG_ENABLE_MODULES = YES;
				CLANG_ENABLE_OBJC_ARC = YES;
				CLANG_WARN_BOOL_CONVERSION = YES;
				CLANG_WARN_CONSTANT_CONVERSION = YES;
				CLANG_WARN_DIRECT_OBJC_ISA_USAGE = YES_ERROR;
				CLANG_WARN_EMPTY_BODY = YES;
				CLANG_WARN_ENUM_CONVERSION = YES;
				CLANG_WARN_INT_CONVERSION = YES;
				CLANG_WARN_OBJC_ROOT_CLASS = YES_ERROR;
				CLANG_WARN__DUPLICATE_METHOD_MATCH = YES;
				COPY_PHASE_STRIP = YES;
				DEBUG_INFORMATION_FORMAT = "dwarf-with-dsym";
				ENABLE_NS_ASSERTIONS = NO;
				GCC_C_LANGUAGE_STANDARD = gnu99;
				GCC_ENABLE_OBJC_EXCEPTIONS = YES;
				GCC_WARN_64_TO_32_BIT_CONVERSION = YES;
				GCC_WARN_ABOUT_RETURN_TYPE = YES_ERROR;
				GCC_WARN_UNDECLARED_SELECTOR = YES;
				GCC_WARN_UNINITIALIZED_AUTOS = YES_AGGRESSIVE;
				GCC_WARN_UNUSED_FUNCTION = YES;
				GCC_WARN_UNUSED_VARIABLE = YES;
				INFOPLIST_FILE = "Mango-Info.plist";
				MACOSX_DEPLOYMENT_TARGET = 10.9;
				SDKROOT = macosx;
			};
			name = Release;
		};
		E9258D8318EE424600564355 /* Debug */ = {
			isa = XCBuildConfiguration;
			baseConfigurationReference = ABB0700885DC4ABA993CDE74 /* Pods.xcconfig */;
			buildSettings = {
				ALWAYS_SEARCH_USER_PATHS = YES;
				ASSETCATALOG_COMPILER_APPICON_NAME = AppIcon;
				COMBINE_HIDPI_IMAGES = YES;
				FRAMEWORK_SEARCH_PATHS = "\"$(SRCROOT)/External/Fragaria/build/$(CONFIGURATION)\"";
				GCC_PRECOMPILE_PREFIX_HEADER = YES;
				GCC_PREFIX_HEADER = "Mango-Prefix.pch";
				HEADER_SEARCH_PATHS = (
					"\"$(SRCROOT)/External/mongo-cxx-driver/src\"",
					"$(inherited)",
					/Applications/Xcode.app/Contents/Developer/Toolchains/XcodeDefault.xctoolchain/usr/include,
					/usr/local/Cellar/boost/1.53.0/include/,
				);
				INFOPLIST_FILE = "Mango-Info.plist";
				LIBRARY_SEARCH_PATHS = (
					"$(inherited)",
					"$(PROJECT_DIR)/External/**",
					"/usr/local/lib/**",
					"$(PROJECT_DIR)/External",
					"$(PROJECT_DIR)/External",
					"$(PROJECT_DIR)/External/mongo",
					"$(PROJECT_DIR)/External/mongo-cxx-driver/build/darwin/64/c++11/libc++/osx-version-min_10.7/mongo",
					"$(PROJECT_DIR)/External/mongo-cxx-driver/build/darwin/64/c++11/libc++/osx-version-min_10.7/third_party/gtest-1.7.0",
					"$(PROJECT_DIR)/External/mongo-cxx-driver/build/darwin/64/c++11/libc++/osx-version-min_10.7/third_party",
					"$(PROJECT_DIR)/External/mongo-cxx-driver/build/darwin/64/mongo",
					"$(PROJECT_DIR)/External/mongo-cxx-driver/build/darwin/64/third_party/gtest-1.7.0",
					"$(PROJECT_DIR)/External/mongo-cxx-driver/build/darwin/64/third_party",
					"$(PROJECT_DIR)/External/mongo-cxx-driver/build/darwin/normal",
					"$(PROJECT_DIR)/External/mongo-cxx-driver/build/darwin/normal/mongo",
					"$(PROJECT_DIR)/External/mongo-cxx-driver/build/darwin/normal/third_party/gtest-1.7.0",
					"$(PROJECT_DIR)/External/mongo-cxx-driver/build/darwin/normal/third_party",
					"$(PROJECT_DIR)/External/mongo-cxx-driver",
					"$(PROJECT_DIR)/External/mongo-cxx-driver/sharedclient",
					"$(PROJECT_DIR)/Pods/build/Debug",
				);
				PRODUCT_NAME = "$(TARGET_NAME)";
				WRAPPER_EXTENSION = app;
			};
			name = Debug;
		};
		E9258D8418EE424600564355 /* Release */ = {
			isa = XCBuildConfiguration;
			baseConfigurationReference = ABB0700885DC4ABA993CDE74 /* Pods.xcconfig */;
			buildSettings = {
				ALWAYS_SEARCH_USER_PATHS = YES;
				ASSETCATALOG_COMPILER_APPICON_NAME = AppIcon;
				COMBINE_HIDPI_IMAGES = YES;
				FRAMEWORK_SEARCH_PATHS = "\"$(SRCROOT)/External/Fragaria/build/$(CONFIGURATION)\"";
				GCC_PRECOMPILE_PREFIX_HEADER = YES;
				GCC_PREFIX_HEADER = "Mango-Prefix.pch";
				HEADER_SEARCH_PATHS = (
					"\"$(SRCROOT)/External/mongo-cxx-driver/src\"",
					"$(inherited)",
					/Applications/Xcode.app/Contents/Developer/Toolchains/XcodeDefault.xctoolchain/usr/include,
					/usr/local/Cellar/boost/1.53.0/include/,
				);
				INFOPLIST_FILE = "Mango-Info.plist";
				LIBRARY_SEARCH_PATHS = (
					"$(inherited)",
					"$(PROJECT_DIR)/External/**",
					"/usr/local/lib/**",
					"$(PROJECT_DIR)/External",
					"$(PROJECT_DIR)/External",
					"$(PROJECT_DIR)/External/mongo",
					"$(PROJECT_DIR)/External/mongo-cxx-driver/build/darwin/64/c++11/libc++/osx-version-min_10.7/mongo",
					"$(PROJECT_DIR)/External/mongo-cxx-driver/build/darwin/64/c++11/libc++/osx-version-min_10.7/third_party/gtest-1.7.0",
					"$(PROJECT_DIR)/External/mongo-cxx-driver/build/darwin/64/c++11/libc++/osx-version-min_10.7/third_party",
					"$(PROJECT_DIR)/External/mongo-cxx-driver/build/darwin/64/mongo",
					"$(PROJECT_DIR)/External/mongo-cxx-driver/build/darwin/64/third_party/gtest-1.7.0",
					"$(PROJECT_DIR)/External/mongo-cxx-driver/build/darwin/64/third_party",
					"$(PROJECT_DIR)/External/mongo-cxx-driver/build/darwin/normal",
					"$(PROJECT_DIR)/External/mongo-cxx-driver/build/darwin/normal/mongo",
					"$(PROJECT_DIR)/External/mongo-cxx-driver/build/darwin/normal/third_party/gtest-1.7.0",
					"$(PROJECT_DIR)/External/mongo-cxx-driver/build/darwin/normal/third_party",
					"$(PROJECT_DIR)/External/mongo-cxx-driver",
					"$(PROJECT_DIR)/External/mongo-cxx-driver/sharedclient",
					"$(PROJECT_DIR)/Pods/build/Debug",
				);
				PRODUCT_NAME = "$(TARGET_NAME)";
				WRAPPER_EXTENSION = app;
			};
			name = Release;
		};
		E9258D8618EE424600564355 /* Debug */ = {
			isa = XCBuildConfiguration;
			buildSettings = {
				BUNDLE_LOADER = "$(BUILT_PRODUCTS_DIR)/Mango.app/Contents/MacOS/Mango";
				COMBINE_HIDPI_IMAGES = YES;
				FRAMEWORK_SEARCH_PATHS = (
					"$(DEVELOPER_FRAMEWORKS_DIR)",
					"$(inherited)",
				);
				GCC_PRECOMPILE_PREFIX_HEADER = YES;
				GCC_PREFIX_HEADER = "Mango-Prefix.pch";
				GCC_PREPROCESSOR_DEFINITIONS = (
					"DEBUG=1",
					"$(inherited)",
				);
				INFOPLIST_FILE = "MangoTests/MangoTests-Info.plist";
				LIBRARY_SEARCH_PATHS = (
					"$(inherited)",
					"$(PROJECT_DIR)/External",
					"$(PROJECT_DIR)/External",
				);
				PRODUCT_NAME = "$(TARGET_NAME)";
				TEST_HOST = "$(BUNDLE_LOADER)";
				WRAPPER_EXTENSION = xctest;
			};
			name = Debug;
		};
		E9258D8718EE424600564355 /* Release */ = {
			isa = XCBuildConfiguration;
			buildSettings = {
				BUNDLE_LOADER = "$(BUILT_PRODUCTS_DIR)/Mango.app/Contents/MacOS/Mango";
				COMBINE_HIDPI_IMAGES = YES;
				FRAMEWORK_SEARCH_PATHS = (
					"$(DEVELOPER_FRAMEWORKS_DIR)",
					"$(inherited)",
				);
				GCC_PRECOMPILE_PREFIX_HEADER = YES;
				GCC_PREFIX_HEADER = "Mango-Prefix.pch";
				INFOPLIST_FILE = "MangoTests/MangoTests-Info.plist";
				LIBRARY_SEARCH_PATHS = (
					"$(inherited)",
					"$(PROJECT_DIR)/External",
					"$(PROJECT_DIR)/External",
				);
				PRODUCT_NAME = "$(TARGET_NAME)";
				TEST_HOST = "$(BUNDLE_LOADER)";
				WRAPPER_EXTENSION = xctest;
			};
			name = Release;
		};
/* End XCBuildConfiguration section */

/* Begin XCConfigurationList section */
		E9258D4C18EE424500564355 /* Build configuration list for PBXProject "Mango" */ = {
			isa = XCConfigurationList;
			buildConfigurations = (
				E9258D8018EE424600564355 /* Debug */,
				E9258D8118EE424600564355 /* Release */,
			);
			defaultConfigurationIsVisible = 0;
			defaultConfigurationName = Release;
		};
		E9258D8218EE424600564355 /* Build configuration list for PBXNativeTarget "Mango" */ = {
			isa = XCConfigurationList;
			buildConfigurations = (
				E9258D8318EE424600564355 /* Debug */,
				E9258D8418EE424600564355 /* Release */,
			);
			defaultConfigurationIsVisible = 0;
			defaultConfigurationName = Release;
		};
		E9258D8518EE424600564355 /* Build configuration list for PBXNativeTarget "MangoTests" */ = {
			isa = XCConfigurationList;
			buildConfigurations = (
				E9258D8618EE424600564355 /* Debug */,
				E9258D8718EE424600564355 /* Release */,
			);
			defaultConfigurationIsVisible = 0;
			defaultConfigurationName = Release;
		};
/* End XCConfigurationList section */
	};
	rootObject = E9258D4918EE424500564355 /* Project object */;
}
